// !$*UTF8*$!
{
	archiveVersion = 1;
	classes = {
	};
	objectVersion = 60;
	objects = {

/* Begin PBXBuildFile section */
		06471FC08CBF47A891DB99BA /* AppConfig.swift in Sources */ = {isa = PBXBuildFile; fileRef = D2B7C22B39444E168EC9AAA9 /* AppConfig.swift */; };
		0D80A2BC2DED422CBA566BBE /* AppContainer.swift in Sources */ = {isa = PBXBuildFile; fileRef = 6C1B43E9D9F745209654537F /* AppContainer.swift */; };
		114EA29143344EDCA87C9AB6 /* MarkMessageStatusUseCase.swift in Sources */ = {isa = PBXBuildFile; fileRef = 444E0F6D5EC64D4EAF26DE10 /* MarkMessageStatusUseCase.swift */; };
		1645C9DAF3F6422FA85D3E8C /* ChatListView.swift in Sources */ = {isa = PBXBuildFile; fileRef = 3780DD3B3AA94701B9BD7160 /* ChatListView.swift */; };
		1983FF7D707245229415ACEE /* ChatListViewModel.swift in Sources */ = {isa = PBXBuildFile; fileRef = 0EE861A0DFF14902B148B562 /* ChatListViewModel.swift */; };
		1C1C5E912B0B598A00A6A7E5 /* Assets.xcassets in Resources */ = {isa = PBXBuildFile; fileRef = 1C1C5E902B0B598A00A6A7E5 /* Assets.xcassets */; };
		1C1C5E942B0B598A00A6A7E5 /* Preview Assets.xcassets in Resources */ = {isa = PBXBuildFile; fileRef = 1C1C5E932B0B598A00A6A7E5 /* Preview Assets.xcassets */; };
		427DB85A5BE0423AA34BA1DF /* ChatLocalStore.swift in Sources */ = {isa = PBXBuildFile; fileRef = 3876C8E559404DCC9820E0DE /* ChatLocalStore.swift */; };
		459A3401B7C7157ABA7DAD0A /* MobileMessengerIOSTests.swift in Sources */ = {isa = PBXBuildFile; fileRef = D3963C3F1B3A9AB0EEAC132A /* MobileMessengerIOSTests.swift */; };
		4BE33E89E8EB45328391F2E2 /* SendMessageUseCase.swift in Sources */ = {isa = PBXBuildFile; fileRef = BFDA2643DE174267AD184771 /* SendMessageUseCase.swift */; };
		4F257ADE13F741428103A900 /* DefaultChatRepository.swift in Sources */ = {isa = PBXBuildFile; fileRef = B5155C2914D7427AB8D6FA83 /* DefaultChatRepository.swift */; };
		5522F49A311443378AB12105 /* AnalyticsService.swift in Sources */ = {isa = PBXBuildFile; fileRef = 6721395A7B08468CA6A391E3 /* AnalyticsService.swift */; };
		5AF7AFBB6B9B41599112699E /* ChatRealtimeService.swift in Sources */ = {isa = PBXBuildFile; fileRef = A4B4887A47514FF590944671 /* ChatRealtimeService.swift */; };
		5DFC88BCF22045078D61DFCC /* LoadChatListUseCase.swift in Sources */ = {isa = PBXBuildFile; fileRef = 0E3341D122F14CCBA46562C4 /* LoadChatListUseCase.swift */; };
		6DE6464F93404DCDB1D98E39 /* MessageAttachment.swift in Sources */ = {isa = PBXBuildFile; fileRef = E4A3617C77F44C8DBCE2C5B1 /* MessageAttachment.swift */; };
		8CABE053E60442E992FBAC41 /* AuthView.swift in Sources */ = {isa = PBXBuildFile; fileRef = 17FA294F9DA849EBBB06630C /* AuthView.swift */; };
		97CA309183D54603B8A0A754 /* MainTabView.swift in Sources */ = {isa = PBXBuildFile; fileRef = CD91C32761464E77AE059EBF /* MainTabView.swift */; };
		99317D73ECE84F038783511A /* ChatRepository.swift in Sources */ = {isa = PBXBuildFile; fileRef = 6EA05A1FA9F649EFA7F87738 /* ChatRepository.swift */; };
		9E3B2380310D4BA891E9B9ED /* RetryPendingMessagesUseCase.swift in Sources */ = {isa = PBXBuildFile; fileRef = 0900CB75DCAC43938A7A7F1F /* RetryPendingMessagesUseCase.swift */; };
		A0B4F5423F104646A3C3ECFA /* ChatViewModel.swift in Sources */ = {isa = PBXBuildFile; fileRef = 291320C35F2F424CB3B3E9ED /* ChatViewModel.swift */; };
		A40A64B6409240A7B9EE9DCD /* ContentView.swift in Sources */ = {isa = PBXBuildFile; fileRef = 92CE971326F74881AC84902F /* ContentView.swift */; };
		A7445D74724E447E8986317E /* SwiftDataChatStore.swift in Sources */ = {isa = PBXBuildFile; fileRef = 72CADDFB10CE4394937F3DA7 /* SwiftDataChatStore.swift */; };
		A9CCFB002F714B87A852BA85 /* SkeletonView.swift in Sources */ = {isa = PBXBuildFile; fileRef = 82F0FE8D0F5D45F1A8457DBE /* SkeletonView.swift */; };
		AA12D05B889143A4A7623A52 /* LoadChatHistoryUseCase.swift in Sources */ = {isa = PBXBuildFile; fileRef = CB4ACB0B5FCA41E29A71DAB7 /* LoadChatHistoryUseCase.swift */; };
		BDD7B7D290BD49F292EDE77E /* Chat.swift in Sources */ = {isa = PBXBuildFile; fileRef = D6D781D61F364A96A102F352 /* Chat.swift */; };
		BDF6A40E4B8147B880685AC7 /* KeychainTokenStore.swift in Sources */ = {isa = PBXBuildFile; fileRef = A30EF9FBABE9463BA4A6EBB8 /* KeychainTokenStore.swift */; };
		BE56BA0937DD489ABC62A431 /* RESTAuthService.swift in Sources */ = {isa = PBXBuildFile; fileRef = 31FB98647B9A47B88BD06A4E /* RESTAuthService.swift */; };
		C0F816CCF73B49A78EA531A8 /* AppError.swift in Sources */ = {isa = PBXBuildFile; fileRef = D6FA3306B5854D3ABA5AFFAE /* AppError.swift */; };
		C5885948B24049EDB07AB18D /* MessageStatusView.swift in Sources */ = {isa = PBXBuildFile; fileRef = B2DB2B34FD9A45929F6BB88D /* MessageStatusView.swift */; };
		C6A683DAE8D44309A32CA520 /* DialogueView.swift in Sources */ = {isa = PBXBuildFile; fileRef = BCD10FE7D1D2472AA378F216 /* DialogueView.swift */; };
		C6B72048F1084075B13780F7 /* ObserveChatMessagesUseCase.swift in Sources */ = {isa = PBXBuildFile; fileRef = DF89FB281FD04A9CBC745CBA /* ObserveChatMessagesUseCase.swift */; };
		CB854CBC8E2A405FA1ED8167 /* PushNotificationManager.swift in Sources */ = {isa = PBXBuildFile; fileRef = FC16929A4F094A5195C995A2 /* PushNotificationManager.swift */; };
		CCA94B598F514AB6B01B866E /* MobileMessengerIOSApp.swift in Sources */ = {isa = PBXBuildFile; fileRef = 7E164300D9064D55876A4C85 /* MobileMessengerIOSApp.swift */; };
		CD7FC55F2D0F41F8B8F2CAF9 /* ProfileView.swift in Sources */ = {isa = PBXBuildFile; fileRef = B28920995CA849F4AC16F2DA /* ProfileView.swift */; };
		D503A9D05F1A4F49A86AD537 /* DefaultChatRealtimeService.swift in Sources */ = {isa = PBXBuildFile; fileRef = AE940CD9ED4B4EFC97C48CAE /* DefaultChatRealtimeService.swift */; };
		DECB1BF54D164D53ABC2FF8A /* SessionStore.swift in Sources */ = {isa = PBXBuildFile; fileRef = 914DF17C08C64D12BE15F460 /* SessionStore.swift */; };
		EDF1A6F7F129450D8505C81B /* MessageStatus.swift in Sources */ = {isa = PBXBuildFile; fileRef = CAE8F16C007F4E309EB5EC22 /* MessageStatus.swift */; };
		EDFD428A5D0987645C8A675F /* Foundation.framework in Frameworks */ = {isa = PBXBuildFile; fileRef = 4347F46589A2539DD81D83DA /* Foundation.framework */; };
		E11C0A1A4F3244D4A6A61C02 /* ContactsView.swift in Sources */ = {isa = PBXBuildFile; fileRef = E11C0A1A4F3244D4A6A61C01 /* ContactsView.swift */; };
		F00190CB017745F3907414E0 /* Message.swift in Sources */ = {isa = PBXBuildFile; fileRef = BE4380CB81594638A1AB6346 /* Message.swift */; };
		F3A1D0B74D134F5E81B9A422 /* CreateChatUseCase.swift in Sources */ = {isa = PBXBuildFile; fileRef = B4C2E8D916A740A8B49DA364 /* CreateChatUseCase.swift */; };
		F69B0FBED04C45E68F0CE844 /* ReachabilityService.swift in Sources */ = {isa = PBXBuildFile; fileRef = C29CD7B8D7D14E84B35CB1AA /* ReachabilityService.swift */; };
		FE3E2CAFA1A64C8284B969C3 /* AuthViewModel.swift in Sources */ = {isa = PBXBuildFile; fileRef = A4A0B922EB034697919B93BB /* AuthViewModel.swift */; };
/* End PBXBuildFile section */

/* Begin PBXContainerItemProxy section */
		27A8402AA63C6FCC526DBFEF /* PBXContainerItemProxy */ = {
			isa = PBXContainerItemProxy;
			containerPortal = 1C1C5E802B0B598A00A6A7E5 /* Project object */;
			proxyType = 1;
			remoteGlobalIDString = 1C1C5E892B0B598A00A6A7E5;
			remoteInfo = MobileMessengerIOS;
		};
/* End PBXContainerItemProxy section */

/* Begin PBXFileReference section */
		0900CB75DCAC43938A7A7F1F /* RetryPendingMessagesUseCase.swift */ = {isa = PBXFileReference; lastKnownFileType = sourcecode.swift; path = RetryPendingMessagesUseCase.swift; sourceTree = "<group>"; };
		0E3341D122F14CCBA46562C4 /* LoadChatListUseCase.swift */ = {isa = PBXFileReference; lastKnownFileType = sourcecode.swift; path = LoadChatListUseCase.swift; sourceTree = "<group>"; };
		0EE861A0DFF14902B148B562 /* ChatListViewModel.swift */ = {isa = PBXFileReference; lastKnownFileType = sourcecode.swift; path = ChatListViewModel.swift; sourceTree = "<group>"; };
		17FA294F9DA849EBBB06630C /* AuthView.swift */ = {isa = PBXFileReference; lastKnownFileType = sourcecode.swift; path = AuthView.swift; sourceTree = "<group>"; };
		1C1C5E882B0B598A00A6A7E5 /* MobileMessengerIOS.app */ = {isa = PBXFileReference; explicitFileType = wrapper.application; includeInIndex = 0; path = MobileMessengerIOS.app; sourceTree = BUILT_PRODUCTS_DIR; };
		1C1C5E902B0B598A00A6A7E5 /* Assets.xcassets */ = {isa = PBXFileReference; lastKnownFileType = folder.assetcatalog; path = Assets.xcassets; sourceTree = "<group>"; };
		1C1C5E922B0B598A00A6A7E5 /* Info.plist */ = {isa = PBXFileReference; lastKnownFileType = text.plist.xml; path = Info.plist; sourceTree = "<group>"; };
		1C1C5E932B0B598A00A6A7E5 /* Preview Assets.xcassets */ = {isa = PBXFileReference; lastKnownFileType = folder.assetcatalog; path = "Preview Content/Preview Assets.xcassets"; sourceTree = "<group>"; };
		291320C35F2F424CB3B3E9ED /* ChatViewModel.swift */ = {isa = PBXFileReference; lastKnownFileType = sourcecode.swift; path = ChatViewModel.swift; sourceTree = "<group>"; };
		31FB98647B9A47B88BD06A4E /* RESTAuthService.swift */ = {isa = PBXFileReference; lastKnownFileType = sourcecode.swift; path = RESTAuthService.swift; sourceTree = "<group>"; };
		3780DD3B3AA94701B9BD7160 /* ChatListView.swift */ = {isa = PBXFileReference; lastKnownFileType = sourcecode.swift; path = ChatListView.swift; sourceTree = "<group>"; };
		3876C8E559404DCC9820E0DE /* ChatLocalStore.swift */ = {isa = PBXFileReference; lastKnownFileType = sourcecode.swift; path = ChatLocalStore.swift; sourceTree = "<group>"; };
		4347F46589A2539DD81D83DA /* Foundation.framework */ = {isa = PBXFileReference; lastKnownFileType = wrapper.framework; name = Foundation.framework; path = Platforms/iPhoneOS.platform/Developer/SDKs/iPhoneOS18.0.sdk/System/Library/Frameworks/Foundation.framework; sourceTree = DEVELOPER_DIR; };
		444E0F6D5EC64D4EAF26DE10 /* MarkMessageStatusUseCase.swift */ = {isa = PBXFileReference; lastKnownFileType = sourcecode.swift; path = MarkMessageStatusUseCase.swift; sourceTree = "<group>"; };
		5C1DA08D16954BF992BCE3E9 /* Debug.xcconfig */ = {isa = PBXFileReference; lastKnownFileType = text.xcconfig; path = Debug.xcconfig; sourceTree = "<group>"; };
		6721395A7B08468CA6A391E3 /* AnalyticsService.swift */ = {isa = PBXFileReference; lastKnownFileType = sourcecode.swift; path = AnalyticsService.swift; sourceTree = "<group>"; };
		6C1B43E9D9F745209654537F /* AppContainer.swift */ = {isa = PBXFileReference; lastKnownFileType = sourcecode.swift; path = AppContainer.swift; sourceTree = "<group>"; };
		6EA05A1FA9F649EFA7F87738 /* ChatRepository.swift */ = {isa = PBXFileReference; lastKnownFileType = sourcecode.swift; path = ChatRepository.swift; sourceTree = "<group>"; };
		72CADDFB10CE4394937F3DA7 /* SwiftDataChatStore.swift */ = {isa = PBXFileReference; lastKnownFileType = sourcecode.swift; path = SwiftDataChatStore.swift; sourceTree = "<group>"; };
		7E164300D9064D55876A4C85 /* MobileMessengerIOSApp.swift */ = {isa = PBXFileReference; lastKnownFileType = sourcecode.swift; path = MobileMessengerIOSApp.swift; sourceTree = "<group>"; };
		82F0FE8D0F5D45F1A8457DBE /* SkeletonView.swift */ = {isa = PBXFileReference; lastKnownFileType = sourcecode.swift; path = SkeletonView.swift; sourceTree = "<group>"; };
		914DF17C08C64D12BE15F460 /* SessionStore.swift */ = {isa = PBXFileReference; lastKnownFileType = sourcecode.swift; path = SessionStore.swift; sourceTree = "<group>"; };
		92CE971326F74881AC84902F /* ContentView.swift */ = {isa = PBXFileReference; lastKnownFileType = sourcecode.swift; path = ContentView.swift; sourceTree = "<group>"; };
		A30EF9FBABE9463BA4A6EBB8 /* KeychainTokenStore.swift */ = {isa = PBXFileReference; lastKnownFileType = sourcecode.swift; path = KeychainTokenStore.swift; sourceTree = "<group>"; };
		A4A0B922EB034697919B93BB /* AuthViewModel.swift */ = {isa = PBXFileReference; lastKnownFileType = sourcecode.swift; path = AuthViewModel.swift; sourceTree = "<group>"; };
		A4B4887A47514FF590944671 /* ChatRealtimeService.swift */ = {isa = PBXFileReference; lastKnownFileType = sourcecode.swift; path = ChatRealtimeService.swift; sourceTree = "<group>"; };
		ABC1A02F6A561CB21F408CED /* MobileMessengerIOSTests.xctest */ = {isa = PBXFileReference; explicitFileType = wrapper.cfbundle; includeInIndex = 0; path = MobileMessengerIOSTests.xctest; sourceTree = BUILT_PRODUCTS_DIR; };
		AE940CD9ED4B4EFC97C48CAE /* DefaultChatRealtimeService.swift */ = {isa = PBXFileReference; lastKnownFileType = sourcecode.swift; path = DefaultChatRealtimeService.swift; sourceTree = "<group>"; };
		B28920995CA849F4AC16F2DA /* ProfileView.swift */ = {isa = PBXFileReference; lastKnownFileType = sourcecode.swift; path = ProfileView.swift; sourceTree = "<group>"; };
		B2DB2B34FD9A45929F6BB88D /* MessageStatusView.swift */ = {isa = PBXFileReference; lastKnownFileType = sourcecode.swift; path = MessageStatusView.swift; sourceTree = "<group>"; };
		B4C2E8D916A740A8B49DA364 /* CreateChatUseCase.swift */ = {isa = PBXFileReference; lastKnownFileType = sourcecode.swift; path = CreateChatUseCase.swift; sourceTree = "<group>"; };
		B5155C2914D7427AB8D6FA83 /* DefaultChatRepository.swift */ = {isa = PBXFileReference; lastKnownFileType = sourcecode.swift; path = DefaultChatRepository.swift; sourceTree = "<group>"; };
		B6307C4D28434252B875E9B1 /* Release.xcconfig */ = {isa = PBXFileReference; lastKnownFileType = text.xcconfig; path = Release.xcconfig; sourceTree = "<group>"; };
		BCD10FE7D1D2472AA378F216 /* DialogueView.swift */ = {isa = PBXFileReference; lastKnownFileType = sourcecode.swift; path = DialogueView.swift; sourceTree = "<group>"; };
		BE4380CB81594638A1AB6346 /* Message.swift */ = {isa = PBXFileReference; lastKnownFileType = sourcecode.swift; path = Message.swift; sourceTree = "<group>"; };
		BFDA2643DE174267AD184771 /* SendMessageUseCase.swift */ = {isa = PBXFileReference; lastKnownFileType = sourcecode.swift; path = SendMessageUseCase.swift; sourceTree = "<group>"; };
		C29CD7B8D7D14E84B35CB1AA /* ReachabilityService.swift */ = {isa = PBXFileReference; lastKnownFileType = sourcecode.swift; path = ReachabilityService.swift; sourceTree = "<group>"; };
		CAE8F16C007F4E309EB5EC22 /* MessageStatus.swift */ = {isa = PBXFileReference; lastKnownFileType = sourcecode.swift; path = MessageStatus.swift; sourceTree = "<group>"; };
		CB4ACB0B5FCA41E29A71DAB7 /* LoadChatHistoryUseCase.swift */ = {isa = PBXFileReference; lastKnownFileType = sourcecode.swift; path = LoadChatHistoryUseCase.swift; sourceTree = "<group>"; };
		CD91C32761464E77AE059EBF /* MainTabView.swift */ = {isa = PBXFileReference; lastKnownFileType = sourcecode.swift; path = MainTabView.swift; sourceTree = "<group>"; };
		D2B7C22B39444E168EC9AAA9 /* AppConfig.swift */ = {isa = PBXFileReference; lastKnownFileType = sourcecode.swift; path = AppConfig.swift; sourceTree = "<group>"; };
		D3963C3F1B3A9AB0EEAC132A /* MobileMessengerIOSTests.swift */ = {isa = PBXFileReference; includeInIndex = 1; lastKnownFileType = sourcecode.swift; path = MobileMessengerIOSTests.swift; sourceTree = "<group>"; };
		D6D781D61F364A96A102F352 /* Chat.swift */ = {isa = PBXFileReference; lastKnownFileType = sourcecode.swift; path = Chat.swift; sourceTree = "<group>"; };
		D6FA3306B5854D3ABA5AFFAE /* AppError.swift */ = {isa = PBXFileReference; lastKnownFileType = sourcecode.swift; path = AppError.swift; sourceTree = "<group>"; };
		DF89FB281FD04A9CBC745CBA /* ObserveChatMessagesUseCase.swift */ = {isa = PBXFileReference; lastKnownFileType = sourcecode.swift; path = ObserveChatMessagesUseCase.swift; sourceTree = "<group>"; };
		E11C0A1A4F3244D4A6A61C01 /* ContactsView.swift */ = {isa = PBXFileReference; lastKnownFileType = sourcecode.swift; path = ContactsView.swift; sourceTree = "<group>"; };
		E4A3617C77F44C8DBCE2C5B1 /* MessageAttachment.swift */ = {isa = PBXFileReference; lastKnownFileType = sourcecode.swift; path = MessageAttachment.swift; sourceTree = "<group>"; };
		FC16929A4F094A5195C995A2 /* PushNotificationManager.swift */ = {isa = PBXFileReference; lastKnownFileType = sourcecode.swift; path = PushNotificationManager.swift; sourceTree = "<group>"; };
/* End PBXFileReference section */

/* Begin PBXFrameworksBuildPhase section */
		0ED3F6069AE6EBEAD1074B38 /* Frameworks */ = {
			isa = PBXFrameworksBuildPhase;
			buildActionMask = 2147483647;
			files = (
				EDFD428A5D0987645C8A675F /* Foundation.framework in Frameworks */,
			);
			runOnlyForDeploymentPostprocessing = 0;
		};
		1C1C5E852B0B598A00A6A7E5 /* Frameworks */ = {
			isa = PBXFrameworksBuildPhase;
			buildActionMask = 2147483647;
			files = (
			);
			runOnlyForDeploymentPostprocessing = 0;
		};
/* End PBXFrameworksBuildPhase section */

/* Begin PBXGroup section */
		036AB856C8344C6792805174 /* DI */ = {
			isa = PBXGroup;
			children = (
				6C1B43E9D9F745209654537F /* AppContainer.swift */,
			);
			path = DI;
			sourceTree = "<group>";
		};
		0C0DD8640C1D499E8AE78247 /* App */ = {
			isa = PBXGroup;
			children = (
				7E164300D9064D55876A4C85 /* MobileMessengerIOSApp.swift */,
				92CE971326F74881AC84902F /* ContentView.swift */,
				CD91C32761464E77AE059EBF /* MainTabView.swift */,
				B28920995CA849F4AC16F2DA /* ProfileView.swift */,
			);
			path = App;
			sourceTree = "<group>";
		};
		0C99B482C9B24A5788188907 /* Domain */ = {
			isa = PBXGroup;
			children = (
				1998BA026E6748039F500C00 /* Models */,
				689DCF509F634EE0A892A654 /* Repositories */,
				0E515483EA4543CDAD9DEB6C /* UseCases */,
			);
			path = Domain;
			sourceTree = "<group>";
		};
		0E515483EA4543CDAD9DEB6C /* UseCases */ = {
			isa = PBXGroup;
			children = (
				B4C2E8D916A740A8B49DA364 /* CreateChatUseCase.swift */,
				0E3341D122F14CCBA46562C4 /* LoadChatListUseCase.swift */,
				DF89FB281FD04A9CBC745CBA /* ObserveChatMessagesUseCase.swift */,
				BFDA2643DE174267AD184771 /* SendMessageUseCase.swift */,
				0900CB75DCAC43938A7A7F1F /* RetryPendingMessagesUseCase.swift */,
				444E0F6D5EC64D4EAF26DE10 /* MarkMessageStatusUseCase.swift */,
				CB4ACB0B5FCA41E29A71DAB7 /* LoadChatHistoryUseCase.swift */,
			);
			path = UseCases;
			sourceTree = "<group>";
		};
		0FA9090598E343DE83C804B2 /* Security */ = {
			isa = PBXGroup;
			children = (
				A30EF9FBABE9463BA4A6EBB8 /* KeychainTokenStore.swift */,
			);
			path = Security;
			sourceTree = "<group>";
		};
		15F1A939AC05FD958BD3B53D /* MobileMessengerIOSTests */ = {
			isa = PBXGroup;
			children = (
				D3963C3F1B3A9AB0EEAC132A /* MobileMessengerIOSTests.swift */,
			);
			name = MobileMessengerIOSTests;
			path = MobileMessengerIOSTests;
			sourceTree = "<group>";
		};
		1998BA026E6748039F500C00 /* Models */ = {
			isa = PBXGroup;
			children = (
				D6D781D61F364A96A102F352 /* Chat.swift */,
				BE4380CB81594638A1AB6346 /* Message.swift */,
				E4A3617C77F44C8DBCE2C5B1 /* MessageAttachment.swift */,
				CAE8F16C007F4E309EB5EC22 /* MessageStatus.swift */,
			);
			path = Models;
			sourceTree = "<group>";
		};
		1C1C5E7F2B0B598A00A6A7E5 = {
			isa = PBXGroup;
			children = (
				1C1C5E8B2B0B598A00A6A7E5 /* MobileMessengerIOS */,
				1C1C5E872B0B598A00A6A7E5 /*  */,
				15F1A939AC05FD958BD3B53D /* MobileMessengerIOSTests */,
				FEC9BAC98E0EB2E7472D877A /* Frameworks */,
			);
			sourceTree = "<group>";
		};
		1C1C5E872B0B598A00A6A7E5 /*  */ = {
			isa = PBXGroup;
			children = (
				1C1C5E882B0B598A00A6A7E5 /* MobileMessengerIOS.app */,
				ABC1A02F6A561CB21F408CED /* MobileMessengerIOSTests.xctest */,
			);
			sourceTree = "<group>";
		};
		1C1C5E8B2B0B598A00A6A7E5 /* MobileMessengerIOS */ = {
			isa = PBXGroup;
			children = (
				6BF840F1AFC6418FA8CC8D61 /* Presentation */,
				0C99B482C9B24A5788188907 /* Domain */,
				2A87E0E324244F75A82DA967 /* Data */,
				6AC22F0E9A434F41BE03AC05 /* Shared */,
				DCBB86B1038D493FB79E6AF5 /* Configurations */,
				1C1C5E902B0B598A00A6A7E5 /* Assets.xcassets */,
				1C1C5E932B0B598A00A6A7E5 /* Preview Assets.xcassets */,
				1C1C5E922B0B598A00A6A7E5 /* Info.plist */,
			);
			path = MobileMessengerIOS;
			sourceTree = "<group>";
		};
		261DE431B9C24E5994BB6D8B /* Common */ = {
			isa = PBXGroup;
			children = (
				82F0FE8D0F5D45F1A8457DBE /* SkeletonView.swift */,
				B2DB2B34FD9A45929F6BB88D /* MessageStatusView.swift */,
			);
			path = Common;
			sourceTree = "<group>";
		};
		2A87E0E324244F75A82DA967 /* Data */ = {
			isa = PBXGroup;
			children = (
				728BB6EDBA004C7AA8E7843C /* Local */,
				AA45B8285FEB4E57A26FF45D /* Realtime */,
				CA08A8465DD945378DCAEC61 /* Repositories */,
				CA1B4CD107E44E6B988C2F96 /* Remote */,
			);
			path = Data;
			sourceTree = "<group>";
		};
		2FEFEB624E3247F69FE54929 /* Utilities */ = {
			isa = PBXGroup;
			children = (
				C29CD7B8D7D14E84B35CB1AA /* ReachabilityService.swift */,
				FC16929A4F094A5195C995A2 /* PushNotificationManager.swift */,
			);
			path = Utilities;
			sourceTree = "<group>";
		};
		44ED0C3502DD415EA439C301 /* Logging */ = {
			isa = PBXGroup;
			children = (
				6721395A7B08468CA6A391E3 /* AnalyticsService.swift */,
			);
			path = Logging;
			sourceTree = "<group>";
		};
		689DCF509F634EE0A892A654 /* Repositories */ = {
			isa = PBXGroup;
			children = (
				6EA05A1FA9F649EFA7F87738 /* ChatRepository.swift */,
			);
			path = Repositories;
			sourceTree = "<group>";
		};
		6AC22F0E9A434F41BE03AC05 /* Shared */ = {
			isa = PBXGroup;
			children = (
				A04DAD73F57A40E6956FD660 /* Config */,
				036AB856C8344C6792805174 /* DI */,
				870B65D709AE42A8BAC766BD /* Errors */,
				44ED0C3502DD415EA439C301 /* Logging */,
				0FA9090598E343DE83C804B2 /* Security */,
				F93206AB28D64BE9B620733F /* Session */,
				2FEFEB624E3247F69FE54929 /* Utilities */,
			);
			path = Shared;
			sourceTree = "<group>";
		};
		6BF840F1AFC6418FA8CC8D61 /* Presentation */ = {
			isa = PBXGroup;
			children = (
				0C0DD8640C1D499E8AE78247 /* App */,
				83C11043049D47899A796D89 /* Auth */,
				E11C0A1A4F3244D4A6A61C03 /* Contacts */,
				F5A7C3D855D24316A77148F7 /* Chat */,
				91FA14E4C4BA4B1A83C9255E /* ChatList */,
				261DE431B9C24E5994BB6D8B /* Common */,
			);
			path = Presentation;
			sourceTree = "<group>";
		};
		728BB6EDBA004C7AA8E7843C /* Local */ = {
			isa = PBXGroup;
			children = (
				3876C8E559404DCC9820E0DE /* ChatLocalStore.swift */,
				72CADDFB10CE4394937F3DA7 /* SwiftDataChatStore.swift */,
			);
			path = Local;
			sourceTree = "<group>";
		};
		83C11043049D47899A796D89 /* Auth */ = {
			isa = PBXGroup;
			children = (
				17FA294F9DA849EBBB06630C /* AuthView.swift */,
				A4A0B922EB034697919B93BB /* AuthViewModel.swift */,
			);
			path = Auth;
			sourceTree = "<group>";
		};
		870B65D709AE42A8BAC766BD /* Errors */ = {
			isa = PBXGroup;
			children = (
				D6FA3306B5854D3ABA5AFFAE /* AppError.swift */,
			);
			path = Errors;
			sourceTree = "<group>";
		};
		91FA14E4C4BA4B1A83C9255E /* ChatList */ = {
			isa = PBXGroup;
			children = (
				3780DD3B3AA94701B9BD7160 /* ChatListView.swift */,
				0EE861A0DFF14902B148B562 /* ChatListViewModel.swift */,
			);
			path = ChatList;
			sourceTree = "<group>";
		};
		A04DAD73F57A40E6956FD660 /* Config */ = {
			isa = PBXGroup;
			children = (
				D2B7C22B39444E168EC9AAA9 /* AppConfig.swift */,
			);
			path = Config;
			sourceTree = "<group>";
		};
		AA45B8285FEB4E57A26FF45D /* Realtime */ = {
			isa = PBXGroup;
			children = (
				A4B4887A47514FF590944671 /* ChatRealtimeService.swift */,
				AE940CD9ED4B4EFC97C48CAE /* DefaultChatRealtimeService.swift */,
			);
			path = Realtime;
			sourceTree = "<group>";
		};
		CA08A8465DD945378DCAEC61 /* Repositories */ = {
			isa = PBXGroup;
			children = (
				B5155C2914D7427AB8D6FA83 /* DefaultChatRepository.swift */,
			);
			path = Repositories;
			sourceTree = "<group>";
		};
		CA1B4CD107E44E6B988C2F96 /* Remote */ = {
			isa = PBXGroup;
			children = (
				31FB98647B9A47B88BD06A4E /* RESTAuthService.swift */,
			);
			path = Remote;
			sourceTree = "<group>";
		};
		DCBB86B1038D493FB79E6AF5 /* Configurations */ = {
			isa = PBXGroup;
			children = (
				5C1DA08D16954BF992BCE3E9 /* Debug.xcconfig */,
				B6307C4D28434252B875E9B1 /* Release.xcconfig */,
			);
			path = Configurations;
			sourceTree = "<group>";
		};
		DFFBF4312AD0EE24893B1FAD /* iOS */ = {
			isa = PBXGroup;
			children = (
				4347F46589A2539DD81D83DA /* Foundation.framework */,
			);
			name = iOS;
			sourceTree = "<group>";
		};
		E11C0A1A4F3244D4A6A61C03 /* Contacts */ = {
			isa = PBXGroup;
			children = (
				E11C0A1A4F3244D4A6A61C01 /* ContactsView.swift */,
			);
			path = Contacts;
			sourceTree = "<group>";
		};
		F5A7C3D855D24316A77148F7 /* Chat */ = {
			isa = PBXGroup;
			children = (
				291320C35F2F424CB3B3E9ED /* ChatViewModel.swift */,
				BCD10FE7D1D2472AA378F216 /* DialogueView.swift */,
			);
			path = Chat;
			sourceTree = "<group>";
		};
		F93206AB28D64BE9B620733F /* Session */ = {
			isa = PBXGroup;
			children = (
				914DF17C08C64D12BE15F460 /* SessionStore.swift */,
			);
			path = Session;
			sourceTree = "<group>";
		};
		FEC9BAC98E0EB2E7472D877A /* Frameworks */ = {
			isa = PBXGroup;
			children = (
				DFFBF4312AD0EE24893B1FAD /* iOS */,
			);
			name = Frameworks;
			sourceTree = "<group>";
		};
/* End PBXGroup section */

/* Begin PBXNativeTarget section */
		1C1C5E892B0B598A00A6A7E5 /* MobileMessengerIOS */ = {
			isa = PBXNativeTarget;
			buildConfigurationList = 1C1C5E972B0B598A00A6A7E5 /* Build configuration list for PBXNativeTarget "MobileMessengerIOS" */;
			buildPhases = (
				1C1C5E842B0B598A00A6A7E5 /* Sources */,
				1C1C5E852B0B598A00A6A7E5 /* Frameworks */,
				1C1C5E862B0B598A00A6A7E5 /* Resources */,
			);
			buildRules = (
			);
			dependencies = (
			);
			name = MobileMessengerIOS;
			productName = MobileMessengerIOS;
			productReference = 1C1C5E882B0B598A00A6A7E5 /* MobileMessengerIOS.app */;
			productType = "com.apple.product-type.application";
		};
		24659F4A9FBB3E39D71E45ED /* MobileMessengerIOSTests */ = {
			isa = PBXNativeTarget;
			buildConfigurationList = 08B5E83F0CCF4F0C89F39090 /* Build configuration list for PBXNativeTarget "MobileMessengerIOSTests" */;
			buildPhases = (
				FE590C6D1302B81BFABB5FFD /* Sources */,
				0ED3F6069AE6EBEAD1074B38 /* Frameworks */,
				2099C81C886B32527CAF757D /* Resources */,
			);
			buildRules = (
			);
			dependencies = (
				DC414414E1DA761B4CF00C29 /* PBXTargetDependency */,
			);
			name = MobileMessengerIOSTests;
			productName = MobileMessengerIOSTests;
			productReference = ABC1A02F6A561CB21F408CED /* MobileMessengerIOSTests.xctest */;
			productType = "com.apple.product-type.bundle.unit-test";
		};
/* End PBXNativeTarget section */

/* Begin PBXProject section */
		1C1C5E802B0B598A00A6A7E5 /* Project object */ = {
			isa = PBXProject;
			attributes = {
				BuildIndependentTargetsInParallel = 1;
				LastSwiftUpdateCheck = 1500;
				LastUpgradeCheck = 2630;
				TargetAttributes = {
					1C1C5E892B0B598A00A6A7E5 = {
						CreatedOnToolsVersion = 15.0;
					};
					24659F4A9FBB3E39D71E45ED = {
						CreatedOnToolsVersion = 17.0;
						TestTargetID = 1C1C5E892B0B598A00A6A7E5;
					};
				};
			};
			buildConfigurationList = 1C1C5E832B0B598A00A6A7E5 /* Build configuration list for PBXProject "MobileMessengerIOS" */;
			compatibilityVersion = "Xcode 15.0";
			developmentRegion = en;
			hasScannedForEncodings = 0;
			knownRegions = (
				en,
				Base,
			);
			mainGroup = 1C1C5E7F2B0B598A00A6A7E5;
			productRefGroup = 1C1C5E872B0B598A00A6A7E5 /*  */;
			projectDirPath = "";
			projectRoot = "";
			targets = (
				1C1C5E892B0B598A00A6A7E5 /* MobileMessengerIOS */,
				24659F4A9FBB3E39D71E45ED /* MobileMessengerIOSTests */,
			);
		};
/* End PBXProject section */

/* Begin PBXResourcesBuildPhase section */
		1C1C5E862B0B598A00A6A7E5 /* Resources */ = {
			isa = PBXResourcesBuildPhase;
			buildActionMask = 2147483647;
			files = (
				1C1C5E942B0B598A00A6A7E5 /* Preview Assets.xcassets in Resources */,
				1C1C5E912B0B598A00A6A7E5 /* Assets.xcassets in Resources */,
			);
			runOnlyForDeploymentPostprocessing = 0;
		};
		2099C81C886B32527CAF757D /* Resources */ = {
			isa = PBXResourcesBuildPhase;
			buildActionMask = 2147483647;
			files = (
			);
			runOnlyForDeploymentPostprocessing = 0;
		};
/* End PBXResourcesBuildPhase section */

/* Begin PBXSourcesBuildPhase section */
		1C1C5E842B0B598A00A6A7E5 /* Sources */ = {
			isa = PBXSourcesBuildPhase;
			buildActionMask = 2147483647;
			files = (
				CCA94B598F514AB6B01B866E /* MobileMessengerIOSApp.swift in Sources */,
				A40A64B6409240A7B9EE9DCD /* ContentView.swift in Sources */,
				97CA309183D54603B8A0A754 /* MainTabView.swift in Sources */,
				CD7FC55F2D0F41F8B8F2CAF9 /* ProfileView.swift in Sources */,
				8CABE053E60442E992FBAC41 /* AuthView.swift in Sources */,
				FE3E2CAFA1A64C8284B969C3 /* AuthViewModel.swift in Sources */,
				E11C0A1A4F3244D4A6A61C02 /* ContactsView.swift in Sources */,
				A0B4F5423F104646A3C3ECFA /* ChatViewModel.swift in Sources */,
				C6A683DAE8D44309A32CA520 /* DialogueView.swift in Sources */,
				1645C9DAF3F6422FA85D3E8C /* ChatListView.swift in Sources */,
				1983FF7D707245229415ACEE /* ChatListViewModel.swift in Sources */,
				A9CCFB002F714B87A852BA85 /* SkeletonView.swift in Sources */,
				C5885948B24049EDB07AB18D /* MessageStatusView.swift in Sources */,
				BDD7B7D290BD49F292EDE77E /* Chat.swift in Sources */,
				F00190CB017745F3907414E0 /* Message.swift in Sources */,
				6DE6464F93404DCDB1D98E39 /* MessageAttachment.swift in Sources */,
				EDF1A6F7F129450D8505C81B /* MessageStatus.swift in Sources */,
				99317D73ECE84F038783511A /* ChatRepository.swift in Sources */,
				F3A1D0B74D134F5E81B9A422 /* CreateChatUseCase.swift in Sources */,
				5DFC88BCF22045078D61DFCC /* LoadChatListUseCase.swift in Sources */,
				C6B72048F1084075B13780F7 /* ObserveChatMessagesUseCase.swift in Sources */,
				4BE33E89E8EB45328391F2E2 /* SendMessageUseCase.swift in Sources */,
				9E3B2380310D4BA891E9B9ED /* RetryPendingMessagesUseCase.swift in Sources */,
				114EA29143344EDCA87C9AB6 /* MarkMessageStatusUseCase.swift in Sources */,
				AA12D05B889143A4A7623A52 /* LoadChatHistoryUseCase.swift in Sources */,
				427DB85A5BE0423AA34BA1DF /* ChatLocalStore.swift in Sources */,
				A7445D74724E447E8986317E /* SwiftDataChatStore.swift in Sources */,
				5AF7AFBB6B9B41599112699E /* ChatRealtimeService.swift in Sources */,
				D503A9D05F1A4F49A86AD537 /* DefaultChatRealtimeService.swift in Sources */,
				4F257ADE13F741428103A900 /* DefaultChatRepository.swift in Sources */,
				BE56BA0937DD489ABC62A431 /* RESTAuthService.swift in Sources */,
				06471FC08CBF47A891DB99BA /* AppConfig.swift in Sources */,
				0D80A2BC2DED422CBA566BBE /* AppContainer.swift in Sources */,
				C0F816CCF73B49A78EA531A8 /* AppError.swift in Sources */,
				5522F49A311443378AB12105 /* AnalyticsService.swift in Sources */,
				BDF6A40E4B8147B880685AC7 /* KeychainTokenStore.swift in Sources */,
				DECB1BF54D164D53ABC2FF8A /* SessionStore.swift in Sources */,
				F69B0FBED04C45E68F0CE844 /* ReachabilityService.swift in Sources */,
				CB854CBC8E2A405FA1ED8167 /* PushNotificationManager.swift in Sources */,
			);
			runOnlyForDeploymentPostprocessing = 0;
		};
		FE590C6D1302B81BFABB5FFD /* Sources */ = {
			isa = PBXSourcesBuildPhase;
			buildActionMask = 2147483647;
			files = (
				459A3401B7C7157ABA7DAD0A /* MobileMessengerIOSTests.swift in Sources */,
			);
			runOnlyForDeploymentPostprocessing = 0;
		};
/* End PBXSourcesBuildPhase section */

/* Begin PBXTargetDependency section */
		DC414414E1DA761B4CF00C29 /* PBXTargetDependency */ = {
			isa = PBXTargetDependency;
			name = MobileMessengerIOS;
			target = 1C1C5E892B0B598A00A6A7E5 /* MobileMessengerIOS */;
			targetProxy = 27A8402AA63C6FCC526DBFEF /* PBXContainerItemProxy */;
		};
/* End PBXTargetDependency section */

/* Begin XCBuildConfiguration section */
		1C1C5E952B0B598A00A6A7E5 /* Debug */ = {
			isa = XCBuildConfiguration;
			baseConfigurationReference = 5C1DA08D16954BF992BCE3E9 /* Debug.xcconfig */;
			buildSettings = {
				ALWAYS_SEARCH_USER_PATHS = NO;
				ASSETCATALOG_COMPILER_APPICON_NAME = AppIcon;
				ASSETCATALOG_COMPILER_GLOBAL_ACCENT_COLOR_NAME = AccentColor;
				CLANG_ANALYZER_NONNULL = YES;
				CLANG_ANALYZER_NUMBER_OBJECT_CONVERSION = YES_AGGRESSIVE;
				CLANG_CXX_LANGUAGE_STANDARD = "gnu++20";
				CLANG_ENABLE_MODULES = YES;
				CLANG_ENABLE_OBJC_ARC = YES;
				CLANG_ENABLE_OBJC_WEAK = YES;
				CLANG_WARN_BLOCK_CAPTURE_AUTORELEASING = YES;
				CLANG_WARN_BOOL_CONVERSION = YES;
				CLANG_WARN_COMMA = YES;
				CLANG_WARN_CONSTANT_CONVERSION = YES;
				CLANG_WARN_DEPRECATED_OBJC_IMPLEMENTATIONS = YES;
				CLANG_WARN_DIRECT_OBJC_ISA_USAGE = YES_ERROR;
				CLANG_WARN_DOCUMENTATION_COMMENTS = YES;
				CLANG_WARN_EMPTY_BODY = YES;
				CLANG_WARN_ENUM_CONVERSION = YES;
				CLANG_WARN_INFINITE_RECURSION = YES;
				CLANG_WARN_INT_CONVERSION = YES;
				CLANG_WARN_NON_LITERAL_NULL_CONVERSION = YES;
				CLANG_WARN_OBJC_IMPLICIT_RETAIN_SELF = YES;
				CLANG_WARN_OBJC_LITERAL_CONVERSION = YES;
				CLANG_WARN_OBJC_ROOT_CLASS = YES_ERROR;
				CLANG_WARN_QUOTED_INCLUDE_IN_FRAMEWORK_HEADER = YES;
				CLANG_WARN_RANGE_LOOP_ANALYSIS = YES;
				CLANG_WARN_STRICT_PROTOTYPES = YES;
				CLANG_WARN_SUSPICIOUS_MOVE = YES;
				CLANG_WARN_UNGUARDED_AVAILABILITY = YES_AGGRESSIVE;
				CODE_SIGN_IDENTITY = "Apple Development";
				CODE_SIGN_STYLE = Automatic;
				COPY_PHASE_STRIP = NO;
				DEBUG_INFORMATION_FORMAT = dwarf;
				DEVELOPMENT_ASSET_PATHS = "MobileMessengerIOS/Preview\\ Content";
				ENABLE_PREVIEWS = YES;
				ENABLE_STRICT_OBJC_MSGSEND = YES;
				ENABLE_TESTABILITY = YES;
				GCC_C_LANGUAGE_STANDARD = gnu17;
				GENERATE_INFOPLIST_FILE = NO;
				INFOPLIST_FILE = MobileMessengerIOS/Info.plist;
				INFOPLIST_KEY_UIApplicationSceneManifest_Generation = YES;
				INFOPLIST_KEY_UIApplicationSupportsIndirectInputEvents = YES;
				INFOPLIST_KEY_UILaunchScreen_Generation = YES;
				INFOPLIST_KEY_UISupportedInterfaceOrientations_iPad = "UIInterfaceOrientationPortrait UIInterfaceOrientationPortraitUpsideDown UIInterfaceOrientationLandscapeLeft UIInterfaceOrientationLandscapeRight";
				INFOPLIST_KEY_UISupportedInterfaceOrientations_iPhone = "UIInterfaceOrientationPortrait UIInterfaceOrientationLandscapeLeft UIInterfaceOrientationLandscapeRight";
				IPHONEOS_DEPLOYMENT_TARGET = 17.0;
				LD_RUNPATH_SEARCH_PATHS = (
					"$(inherited)",
					"@executable_path/Frameworks",
				);
				MARKETING_VERSION = 1.0;
				MTL_ENABLE_DEBUG_INFO = INCLUDE_SOURCE;
				ONLY_ACTIVE_ARCH = YES;
				PRODUCT_BUNDLE_IDENTIFIER = com.mobilemessenger.app;
				PRODUCT_NAME = "$(TARGET_NAME)";
				SDKROOT = iphoneos;
				SWIFT_ACTIVE_COMPILATION_CONDITIONS = DEBUG;
				SWIFT_EMIT_LOC_STRINGS = YES;
				SWIFT_OPTIMIZATION_LEVEL = "-Onone";
				SWIFT_VERSION = 5.0;
				TARGETED_DEVICE_FAMILY = "1,2";
			};
			name = Debug;
		};
		1C1C5E962B0B598A00A6A7E5 /* Release */ = {
			isa = XCBuildConfiguration;
			baseConfigurationReference = B6307C4D28434252B875E9B1 /* Release.xcconfig */;
			buildSettings = {
				ALWAYS_SEARCH_USER_PATHS = NO;
				ASSETCATALOG_COMPILER_APPICON_NAME = AppIcon;
				ASSETCATALOG_COMPILER_GLOBAL_ACCENT_COLOR_NAME = AccentColor;
				CLANG_ANALYZER_NONNULL = YES;
				CLANG_ANALYZER_NUMBER_OBJECT_CONVERSION = YES_AGGRESSIVE;
				CLANG_CXX_LANGUAGE_STANDARD = "gnu++20";
				CLANG_ENABLE_MODULES = YES;
				CLANG_ENABLE_OBJC_ARC = YES;
				CLANG_ENABLE_OBJC_WEAK = YES;
				CLANG_WARN_BLOCK_CAPTURE_AUTORELEASING = YES;
				CLANG_WARN_BOOL_CONVERSION = YES;
				CLANG_WARN_COMMA = YES;
				CLANG_WARN_CONSTANT_CONVERSION = YES;
				CLANG_WARN_DEPRECATED_OBJC_IMPLEMENTATIONS = YES;
				CLANG_WARN_DIRECT_OBJC_ISA_USAGE = YES_ERROR;
				CLANG_WARN_DOCUMENTATION_COMMENTS = YES;
				CLANG_WARN_EMPTY_BODY = YES;
				CLANG_WARN_ENUM_CONVERSION = YES;
				CLANG_WARN_INFINITE_RECURSION = YES;
				CLANG_WARN_INT_CONVERSION = YES;
				CLANG_WARN_NON_LITERAL_NULL_CONVERSION = YES;
				CLANG_WARN_OBJC_IMPLICIT_RETAIN_SELF = YES;
				CLANG_WARN_OBJC_LITERAL_CONVERSION = YES;
				CLANG_WARN_OBJC_ROOT_CLASS = YES_ERROR;
				CLANG_WARN_QUOTED_INCLUDE_IN_FRAMEWORK_HEADER = YES;
				CLANG_WARN_RANGE_LOOP_ANALYSIS = YES;
				CLANG_WARN_STRICT_PROTOTYPES = YES;
				CLANG_WARN_SUSPICIOUS_MOVE = YES;
				CLANG_WARN_UNGUARDED_AVAILABILITY = YES_AGGRESSIVE;
				CODE_SIGN_IDENTITY = "Apple Development";
				CODE_SIGN_STYLE = Automatic;
				COPY_PHASE_STRIP = NO;
				DEBUG_INFORMATION_FORMAT = "dwarf-with-dsym";
				DEVELOPMENT_ASSET_PATHS = "MobileMessengerIOS/Preview\\ Content";
				ENABLE_NS_ASSERTIONS = NO;
				ENABLE_STRICT_OBJC_MSGSEND = YES;
				GCC_C_LANGUAGE_STANDARD = gnu17;
				GENERATE_INFOPLIST_FILE = NO;
				INFOPLIST_FILE = MobileMessengerIOS/Info.plist;
				INFOPLIST_KEY_UIApplicationSceneManifest_Generation = YES;
				INFOPLIST_KEY_UIApplicationSupportsIndirectInputEvents = YES;
				INFOPLIST_KEY_UILaunchScreen_Generation = YES;
				INFOPLIST_KEY_UISupportedInterfaceOrientations_iPad = "UIInterfaceOrientationPortrait UIInterfaceOrientationPortraitUpsideDown UIInterfaceOrientationLandscapeLeft UIInterfaceOrientationLandscapeRight";
				INFOPLIST_KEY_UISupportedInterfaceOrientations_iPhone = "UIInterfaceOrientationPortrait UIInterfaceOrientationLandscapeLeft UIInterfaceOrientationLandscapeRight";
				IPHONEOS_DEPLOYMENT_TARGET = 17.0;
				LD_RUNPATH_SEARCH_PATHS = (
					"$(inherited)",
					"@executable_path/Frameworks",
				);
				MARKETING_VERSION = 1.0;
				MTL_ENABLE_DEBUG_INFO = NO;
				PRODUCT_BUNDLE_IDENTIFIER = com.mobilemessenger.app;
				PRODUCT_NAME = "$(TARGET_NAME)";
				SDKROOT = iphoneos;
				SWIFT_EMIT_LOC_STRINGS = YES;
				SWIFT_OPTIMIZATION_LEVEL = "-O";
				SWIFT_VERSION = 5.0;
				TARGETED_DEVICE_FAMILY = "1,2";
				VALIDATE_PRODUCT = YES;
			};
			name = Release;
		};
		1C1C5E992B0B598A00A6A7E5 /* Debug */ = {
			isa = XCBuildConfiguration;
			buildSettings = {
				ALWAYS_SEARCH_USER_PATHS = NO;
				CLANG_ANALYZER_NONNULL = YES;
				CLANG_ANALYZER_NUMBER_OBJECT_CONVERSION = YES_AGGRESSIVE;
				CLANG_CXX_LANGUAGE_STANDARD = "gnu++20";
				CLANG_ENABLE_MODULES = YES;
				CLANG_ENABLE_OBJC_ARC = YES;
				CLANG_ENABLE_OBJC_WEAK = YES;
				CLANG_WARN_BLOCK_CAPTURE_AUTORELEASING = YES;
				CLANG_WARN_BOOL_CONVERSION = YES;
				CLANG_WARN_COMMA = YES;
				CLANG_WARN_CONSTANT_CONVERSION = YES;
				CLANG_WARN_DEPRECATED_OBJC_IMPLEMENTATIONS = YES;
				CLANG_WARN_DIRECT_OBJC_ISA_USAGE = YES_ERROR;
				CLANG_WARN_DOCUMENTATION_COMMENTS = YES;
				CLANG_WARN_EMPTY_BODY = YES;
				CLANG_WARN_ENUM_CONVERSION = YES;
				CLANG_WARN_INFINITE_RECURSION = YES;
				CLANG_WARN_INT_CONVERSION = YES;
				CLANG_WARN_NON_LITERAL_NULL_CONVERSION = YES;
				CLANG_WARN_OBJC_IMPLICIT_RETAIN_SELF = YES;
				CLANG_WARN_OBJC_LITERAL_CONVERSION = YES;
				CLANG_WARN_OBJC_ROOT_CLASS = YES_ERROR;
				CLANG_WARN_QUOTED_INCLUDE_IN_FRAMEWORK_HEADER = YES;
				CLANG_WARN_RANGE_LOOP_ANALYSIS = YES;
				CLANG_WARN_STRICT_PROTOTYPES = YES;
				CLANG_WARN_SUSPICIOUS_MOVE = YES;
				CLANG_WARN_UNGUARDED_AVAILABILITY = YES_AGGRESSIVE;
				CLANG_WARN_UNREACHABLE_CODE = YES;
				CLANG_WARN__DUPLICATE_METHOD_MATCH = YES;
				CODE_SIGN_STYLE = Automatic;
				COPY_PHASE_STRIP = NO;
				DEBUG_INFORMATION_FORMAT = dwarf;
				DEVELOPMENT_TEAM = TUNYHP729L;
				ENABLE_STRICT_OBJC_MSGSEND = YES;
				ENABLE_TESTABILITY = YES;
				ENABLE_USER_SCRIPT_SANDBOXING = YES;
				GCC_C_LANGUAGE_STANDARD = gnu17;
				GCC_DYNAMIC_NO_PIC = NO;
				GCC_NO_COMMON_BLOCKS = YES;
				GCC_OPTIMIZATION_LEVEL = 0;
				GCC_PREPROCESSOR_DEFINITIONS = (
					"DEBUG=1",
					"$(inherited)",
				);
				GCC_WARN_64_TO_32_BIT_CONVERSION = YES;
				GCC_WARN_ABOUT_RETURN_TYPE = YES_ERROR;
				GCC_WARN_UNDECLARED_SELECTOR = YES;
				GCC_WARN_UNINITIALIZED_AUTOS = YES_AGGRESSIVE;
				GCC_WARN_UNUSED_FUNCTION = YES;
				GCC_WARN_UNUSED_VARIABLE = YES;
				IPHONEOS_DEPLOYMENT_TARGET = 17.0;
				MTL_ENABLE_DEBUG_INFO = INCLUDE_SOURCE;
				MTL_FAST_MATH = YES;
				ONLY_ACTIVE_ARCH = YES;
				SDKROOT = iphoneos;
				STRING_CATALOG_GENERATE_SYMBOLS = YES;
			};
			name = Debug;
		};
		1C1C5E9A2B0B598A00A6A7E5 /* Release */ = {
			isa = XCBuildConfiguration;
			buildSettings = {
				ALWAYS_SEARCH_USER_PATHS = NO;
				CLANG_ANALYZER_NONNULL = YES;
				CLANG_ANALYZER_NUMBER_OBJECT_CONVERSION = YES_AGGRESSIVE;
				CLANG_CXX_LANGUAGE_STANDARD = "gnu++20";
				CLANG_ENABLE_MODULES = YES;
				CLANG_ENABLE_OBJC_ARC = YES;
				CLANG_ENABLE_OBJC_WEAK = YES;
				CLANG_WARN_BLOCK_CAPTURE_AUTORELEASING = YES;
				CLANG_WARN_BOOL_CONVERSION = YES;
				CLANG_WARN_COMMA = YES;
				CLANG_WARN_CONSTANT_CONVERSION = YES;
				CLANG_WARN_DEPRECATED_OBJC_IMPLEMENTATIONS = YES;
				CLANG_WARN_DIRECT_OBJC_ISA_USAGE = YES_ERROR;
				CLANG_WARN_DOCUMENTATION_COMMENTS = YES;
				CLANG_WARN_EMPTY_BODY = YES;
				CLANG_WARN_ENUM_CONVERSION = YES;
				CLANG_WARN_INFINITE_RECURSION = YES;
				CLANG_WARN_INT_CONVERSION = YES;
				CLANG_WARN_NON_LITERAL_NULL_CONVERSION = YES;
				CLANG_WARN_OBJC_IMPLICIT_RETAIN_SELF = YES;
				CLANG_WARN_OBJC_LITERAL_CONVERSION = YES;
				CLANG_WARN_OBJC_ROOT_CLASS = YES_ERROR;
				CLANG_WARN_QUOTED_INCLUDE_IN_FRAMEWORK_HEADER = YES;
				CLANG_WARN_RANGE_LOOP_ANALYSIS = YES;
				CLANG_WARN_STRICT_PROTOTYPES = YES;
				CLANG_WARN_SUSPICIOUS_MOVE = YES;
				CLANG_WARN_UNGUARDED_AVAILABILITY = YES_AGGRESSIVE;
				CLANG_WARN_UNREACHABLE_CODE = YES;
				CLANG_WARN__DUPLICATE_METHOD_MATCH = YES;
				CODE_SIGN_STYLE = Automatic;
				COPY_PHASE_STRIP = NO;
				DEBUG_INFORMATION_FORMAT = "dwarf-with-dsym";
				DEVELOPMENT_TEAM = TUNYHP729L;
				ENABLE_NS_ASSERTIONS = NO;
				ENABLE_STRICT_OBJC_MSGSEND = YES;
				ENABLE_USER_SCRIPT_SANDBOXING = YES;
				GCC_C_LANGUAGE_STANDARD = gnu17;
				GCC_NO_COMMON_BLOCKS = YES;
				GCC_WARN_64_TO_32_BIT_CONVERSION = YES;
				GCC_WARN_ABOUT_RETURN_TYPE = YES_ERROR;
				GCC_WARN_UNDECLARED_SELECTOR = YES;
				GCC_WARN_UNINITIALIZED_AUTOS = YES_AGGRESSIVE;
				GCC_WARN_UNUSED_FUNCTION = YES;
				GCC_WARN_UNUSED_VARIABLE = YES;
				IPHONEOS_DEPLOYMENT_TARGET = 17.0;
				MTL_ENABLE_DEBUG_INFO = NO;
				MTL_FAST_MATH = YES;
				SDKROOT = iphoneos;
				STRING_CATALOG_GENERATE_SYMBOLS = YES;
				SWIFT_COMPILATION_MODE = wholemodule;
			};
			name = Release;
		};
		CFC75B3B702D3265BB886BFE /* Debug */ = {
			isa = XCBuildConfiguration;
			buildSettings = {
				BUNDLE_LOADER = "$(TEST_HOST)";
				CLANG_ENABLE_OBJC_WEAK = NO;
				CODE_SIGN_STYLE = Automatic;
				GENERATE_INFOPLIST_FILE = YES;
				IPHONEOS_DEPLOYMENT_TARGET = 17.0;
				LD_RUNPATH_SEARCH_PATHS = (
					"$(inherited)",
					"@executable_path/Frameworks",
					"@loader_path/Frameworks",
				);
				PRODUCT_BUNDLE_IDENTIFIER = com.mobilemessenger.appTests;
				PRODUCT_NAME = "$(TARGET_NAME)";
				SDKROOT = iphoneos;
				SWIFT_EMIT_LOC_STRINGS = NO;
				SWIFT_VERSION = 5.0;
				TARGETED_DEVICE_FAMILY = "1,2";
				TEST_HOST = "$(BUILT_PRODUCTS_DIR)/MobileMessengerIOS.app/$(BUNDLE_EXECUTABLE_FOLDER_PATH)/MobileMessengerIOS";
				TEST_TARGET_NAME = MobileMessengerIOS;
			};
			name = Debug;
		};
		F1A2C0F43E2BFBCF5E3E904B /* Release */ = {
			isa = XCBuildConfiguration;
			buildSettings = {
				BUNDLE_LOADER = "$(TEST_HOST)";
				CLANG_ENABLE_OBJC_WEAK = NO;
				CODE_SIGN_STYLE = Automatic;
				GENERATE_INFOPLIST_FILE = YES;
				IPHONEOS_DEPLOYMENT_TARGET = 17.0;
				LD_RUNPATH_SEARCH_PATHS = (
					"$(inherited)",
					"@executable_path/Frameworks",
					"@loader_path/Frameworks",
				);
				PRODUCT_BUNDLE_IDENTIFIER = com.mobilemessenger.appTests;
				PRODUCT_NAME = "$(TARGET_NAME)";
				SDKROOT = iphoneos;
				SWIFT_EMIT_LOC_STRINGS = NO;
				SWIFT_VERSION = 5.0;
				TARGETED_DEVICE_FAMILY = "1,2";
				TEST_HOST = "$(BUILT_PRODUCTS_DIR)/MobileMessengerIOS.app/$(BUNDLE_EXECUTABLE_FOLDER_PATH)/MobileMessengerIOS";
				TEST_TARGET_NAME = MobileMessengerIOS;
				VALIDATE_PRODUCT = YES;
			};
			name = Release;
		};
/* End XCBuildConfiguration section */

/* Begin XCConfigurationList section */
		08B5E83F0CCF4F0C89F39090 /* Build configuration list for PBXNativeTarget "MobileMessengerIOSTests" */ = {
			isa = XCConfigurationList;
			buildConfigurations = (
				F1A2C0F43E2BFBCF5E3E904B /* Release */,
				CFC75B3B702D3265BB886BFE /* Debug */,
			);
			defaultConfigurationIsVisible = 0;
			defaultConfigurationName = Release;
		};
		1C1C5E832B0B598A00A6A7E5 /* Build configuration list for PBXProject "MobileMessengerIOS" */ = {
			isa = XCConfigurationList;
			buildConfigurations = (
				1C1C5E992B0B598A00A6A7E5 /* Debug */,
				1C1C5E9A2B0B598A00A6A7E5 /* Release */,
			);
			defaultConfigurationIsVisible = 0;
			defaultConfigurationName = Release;
		};
		1C1C5E972B0B598A00A6A7E5 /* Build configuration list for PBXNativeTarget "MobileMessengerIOS" */ = {
			isa = XCConfigurationList;
			buildConfigurations = (
				1C1C5E952B0B598A00A6A7E5 /* Debug */,
				1C1C5E962B0B598A00A6A7E5 /* Release */,
			);
			defaultConfigurationIsVisible = 0;
			defaultConfigurationName = Release;
		};
/* End XCConfigurationList section */
	};
	rootObject = 1C1C5E802B0B598A00A6A7E5 /* Project object */;
}
