// !$*UTF8*$!
{
	archiveVersion = 1;
	classes = {
	};
	objectVersion = 60;
	objects = {

/* Begin PBXBuildFile section */
		11D6DCCADCCD144C3C1F1237 /* XCTest.framework in Frameworks */ = {isa = PBXBuildFile; fileRef = 25ACC1AABD3AC5F12D308989 /* XCTest.framework */; };
		579479C98A319213F0A5A273 /* Foundation.framework in Frameworks */ = {isa = PBXBuildFile; fileRef = C60C7925F3F560E1F97B5D83 /* Foundation.framework */; };
		CA58DA612F815CAE000D87A4 /* AnalyticsService.swift in Sources */ = {isa = PBXBuildFile; fileRef = CA58DA542F815CAE000D87A4 /* AnalyticsService.swift */; };
		CA58DA622F815CAE000D87A4 /* ReachabilityService.swift in Sources */ = {isa = PBXBuildFile; fileRef = CA58DA5B2F815CAE000D87A4 /* ReachabilityService.swift */; };
		CA58DA632F815CAE000D87A4 /* AppContainer.swift in Sources */ = {isa = PBXBuildFile; fileRef = CA58DA4F2F815CAE000D87A4 /* AppContainer.swift */; };
		CA58DA642F815CAE000D87A4 /* PushNotificationManager.swift in Sources */ = {isa = PBXBuildFile; fileRef = CA58DA5A2F815CAE000D87A4 /* PushNotificationManager.swift */; };
		CA58DA652F815CAE000D87A4 /* ChatRepository.swift in Sources */ = {isa = PBXBuildFile; fileRef = CA58DA2E2F815CAE000D87A4 /* ChatRepository.swift */; };
		CA58DA662F815CAE000D87A4 /* SendMessageUseCase.swift in Sources */ = {isa = PBXBuildFile; fileRef = CA58DA352F815CAE000D87A4 /* SendMessageUseCase.swift */; };
		CA58DA672F815CAE000D87A4 /* SessionStore.swift in Sources */ = {isa = PBXBuildFile; fileRef = CA58DA582F815CAE000D87A4 /* SessionStore.swift */; };
		CA58DA682F815CAE000D87A4 /* SwiftDataChatStore.swift in Sources */ = {isa = PBXBuildFile; fileRef = CA58DA1F2F815CAE000D87A4 /* SwiftDataChatStore.swift */; };
		CA58DA692F815CAE000D87A4 /* ChatListViewModel.swift in Sources */ = {isa = PBXBuildFile; fileRef = CA58DA442F815CAE000D87A4 /* ChatListViewModel.swift */; };
		CA58DA6A2F815CAE000D87A4 /* MarkMessageStatusUseCase.swift in Sources */ = {isa = PBXBuildFile; fileRef = CA58DA322F815CAE000D87A4 /* MarkMessageStatusUseCase.swift */; };
		CA58DA6B2F815CAE000D87A4 /* LoadChatListUseCase.swift in Sources */ = {isa = PBXBuildFile; fileRef = CA58DA312F815CAE000D87A4 /* LoadChatListUseCase.swift */; };
		CA58DA6C2F815CAE000D87A4 /* KeychainTokenStore.swift in Sources */ = {isa = PBXBuildFile; fileRef = CA58DA562F815CAE000D87A4 /* KeychainTokenStore.swift */; };
		CA58DA6D2F815CAE000D87A4 /* ProfileView.swift in Sources */ = {isa = PBXBuildFile; fileRef = CA58DA3B2F815CAE000D87A4 /* ProfileView.swift */; };
		CA58DA6E2F815CAE000D87A4 /* Chat.swift in Sources */ = {isa = PBXBuildFile; fileRef = CA58DA292F815CAE000D87A4 /* Chat.swift */; };
		CA58DA6F2F815CAE000D87A4 /* DialogueView.swift in Sources */ = {isa = PBXBuildFile; fileRef = CA58DA412F815CAE000D87A4 /* DialogueView.swift */; };
		CA58DA702F815CAE000D87A4 /* ContentView.swift in Sources */ = {isa = PBXBuildFile; fileRef = CA58DA382F815CAE000D87A4 /* ContentView.swift */; };
		CA58DA712F815CAE000D87A4 /* AuthView.swift in Sources */ = {isa = PBXBuildFile; fileRef = CA58DA3D2F815CAE000D87A4 /* AuthView.swift */; };
		CA58DA722F815CAE000D87A4 /* ChatLocalStore.swift in Sources */ = {isa = PBXBuildFile; fileRef = CA58DA1E2F815CAE000D87A4 /* ChatLocalStore.swift */; };
		CA58DA732F815CAE000D87A4 /* MessageStatusView.swift in Sources */ = {isa = PBXBuildFile; fileRef = CA58DA462F815CAE000D87A4 /* MessageStatusView.swift */; };
		CA58DA742F815CAE000D87A4 /* LoadChatHistoryUseCase.swift in Sources */ = {isa = PBXBuildFile; fileRef = CA58DA302F815CAE000D87A4 /* LoadChatHistoryUseCase.swift */; };
		CA58DA752F815CAE000D87A4 /* MainTabView.swift in Sources */ = {isa = PBXBuildFile; fileRef = CA58DA392F815CAE000D87A4 /* MainTabView.swift */; };
		CA58DA762F815CAE000D87A4 /* DefaultChatRealtimeService.swift in Sources */ = {isa = PBXBuildFile; fileRef = CA58DA222F815CAE000D87A4 /* DefaultChatRealtimeService.swift */; };
		CA58DA772F815CAE000D87A4 /* Message.swift in Sources */ = {isa = PBXBuildFile; fileRef = CA58DA2A2F815CAE000D87A4 /* Message.swift */; };
		CA58DA782F815CAE000D87A4 /* ChatListView.swift in Sources */ = {isa = PBXBuildFile; fileRef = CA58DA432F815CAE000D87A4 /* ChatListView.swift */; };
		CA58DA792F815CAE000D87A4 /* DefaultChatRepository.swift in Sources */ = {isa = PBXBuildFile; fileRef = CA58DA262F815CAE000D87A4 /* DefaultChatRepository.swift */; };
		CA58DA7A2F815CAE000D87A4 /* ObserveChatMessagesUseCase.swift in Sources */ = {isa = PBXBuildFile; fileRef = CA58DA332F815CAE000D87A4 /* ObserveChatMessagesUseCase.swift */; };
		CA58DA7B2F815CAE000D87A4 /* RetryPendingMessagesUseCase.swift in Sources */ = {isa = PBXBuildFile; fileRef = CA58DA342F815CAE000D87A4 /* RetryPendingMessagesUseCase.swift */; };
		CA58DA7C2F815CAE000D87A4 /* ChatViewModel.swift in Sources */ = {isa = PBXBuildFile; fileRef = CA58DA402F815CAE000D87A4 /* ChatViewModel.swift */; };
		CA58DA7D2F815CAE000D87A4 /* SkeletonView.swift in Sources */ = {isa = PBXBuildFile; fileRef = CA58DA472F815CAE000D87A4 /* SkeletonView.swift */; };
		CA58DA7E2F815CAE000D87A4 /* MobileMessengerIOSApp.swift in Sources */ = {isa = PBXBuildFile; fileRef = CA58DA3A2F815CAE000D87A4 /* MobileMessengerIOSApp.swift */; };
		CA58DA7F2F815CAE000D87A4 /* MessageStatus.swift in Sources */ = {isa = PBXBuildFile; fileRef = CA58DA2C2F815CAE000D87A4 /* MessageStatus.swift */; };
		CA58DA802F815CAE000D87A4 /* AppConfig.swift in Sources */ = {isa = PBXBuildFile; fileRef = CA58DA4D2F815CAE000D87A4 /* AppConfig.swift */; };
		CA58DA812F815CAE000D87A4 /* AnalyticsEvent.swift in Sources */ = {isa = PBXBuildFile; fileRef = CA58DA532F815CAE000D87A4 /* AnalyticsEvent.swift */; };
		CA58DA822F815CAE000D87A4 /* AppError.swift in Sources */ = {isa = PBXBuildFile; fileRef = CA58DA512F815CAE000D87A4 /* AppError.swift */; };
		CA58DA832F815CAE000D87A4 /* AuthViewModel.swift in Sources */ = {isa = PBXBuildFile; fileRef = CA58DA3E2F815CAE000D87A4 /* AuthViewModel.swift */; };
		CA58DA842F815CAE000D87A4 /* MessageAttachment.swift in Sources */ = {isa = PBXBuildFile; fileRef = CA58DA2B2F815CAE000D87A4 /* MessageAttachment.swift */; };
		CA58DA852F815CAE000D87A4 /* RESTAuthService.swift in Sources */ = {isa = PBXBuildFile; fileRef = CA58DA242F815CAE000D87A4 /* RESTAuthService.swift */; };
		CA58DA862F815CAE000D87A4 /* ChatRealtimeService.swift in Sources */ = {isa = PBXBuildFile; fileRef = CA58DA212F815CAE000D87A4 /* ChatRealtimeService.swift */; };
		CA58DA872F815CAE000D87A4 /* Assets.xcassets in Resources */ = {isa = PBXBuildFile; fileRef = CA58DA5E2F815CAE000D87A4 /* Assets.xcassets */; };
		CA58DA882F815CAE000D87A4 /* Preview Assets.xcassets in Resources */ = {isa = PBXBuildFile; fileRef = CA58DA4B2F815CAE000D87A4 /* Preview Assets.xcassets */; };
		CA58DA8C2F815CAE000D87A4 /* Contents.json in Resources */ = {isa = PBXBuildFile; fileRef = CA58DA4A2F815CAE000D87A4 /* Contents.json */; };
		CA58DA8D2F815CAE000D87A4 /* RESTChatService.swift in Sources */ = {isa = PBXBuildFile; fileRef = CA58DA912F815CAE000D87A4 /* RESTChatService.swift */; };
		CA58DA8E2F815CAE000D87A4 /* CreateChatUseCase.swift in Sources */ = {isa = PBXBuildFile; fileRef = CA58DA922F815CAE000D87A4 /* CreateChatUseCase.swift */; };
		CA58DA8F2F815CAE000D87A4 /* SendImageMessageUseCase.swift in Sources */ = {isa = PBXBuildFile; fileRef = CA58DA932F815CAE000D87A4 /* SendImageMessageUseCase.swift */; };
		CA58DA902F815CAE000D87A4 /* SetTypingUseCase.swift in Sources */ = {isa = PBXBuildFile; fileRef = CA58DA942F815CAE000D87A4 /* SetTypingUseCase.swift */; };
		FD72864FF5C71B50F190D101 /* MobileMessengerIOSTests.swift in Sources */ = {isa = PBXBuildFile; fileRef = A724708F1DE789761C6C36CB /* MobileMessengerIOSTests.swift */; };
		9E2DBD7BB84A44D4B42EFA25 /* ChatRepositoryTests.swift in Sources */ = {isa = PBXBuildFile; fileRef = 1571DEF35A1B4C10AE2F5CFF /* ChatRepositoryTests.swift */; };
/* End PBXBuildFile section */

/* Begin PBXContainerItemProxy section */
		F2DF1779D812AB78705454DE /* PBXContainerItemProxy */ = {
			isa = PBXContainerItemProxy;
			containerPortal = 1C1C5E802B0B598A00A6A7E5 /* Project object */;
			proxyType = 1;
			remoteGlobalIDString = 1C1C5E892B0B598A00A6A7E5;
			remoteInfo = MobileMessengerIOS;
		};
/* End PBXContainerItemProxy section */

/* Begin PBXFileReference section */
		1C1C5E882B0B598A00A6A7E5 /* MobileMessengerIOS.app */ = {isa = PBXFileReference; explicitFileType = wrapper.application; includeInIndex = 0; path = MobileMessengerIOS.app; sourceTree = BUILT_PRODUCTS_DIR; };
		25ACC1AABD3AC5F12D308989 /* XCTest.framework */ = {isa = PBXFileReference; lastKnownFileType = wrapper.framework; name = XCTest.framework; path = System/Library/Frameworks/XCTest.framework; sourceTree = SDKROOT; };
		7B1BDB0D7A65535E6E00803C /* MobileMessengerIOSTests.xctest */ = {isa = PBXFileReference; explicitFileType = wrapper.cfbundle; includeInIndex = 0; path = MobileMessengerIOSTests.xctest; sourceTree = BUILT_PRODUCTS_DIR; };
		A724708F1DE789761C6C36CB /* MobileMessengerIOSTests.swift */ = {isa = PBXFileReference; includeInIndex = 1; lastKnownFileType = sourcecode.swift; path = MobileMessengerIOSTests/MobileMessengerIOSTests.swift; sourceTree = SOURCE_ROOT; };
		1571DEF35A1B4C10AE2F5CFF /* ChatRepositoryTests.swift */ = {isa = PBXFileReference; includeInIndex = 1; lastKnownFileType = sourcecode.swift; path = MobileMessengerIOSTests/ChatRepositoryTests.swift; sourceTree = SOURCE_ROOT; };
		C60C7925F3F560E1F97B5D83 /* Foundation.framework */ = {isa = PBXFileReference; lastKnownFileType = wrapper.framework; name = Foundation.framework; path = Platforms/iPhoneOS.platform/Developer/SDKs/iPhoneOS18.0.sdk/System/Library/Frameworks/Foundation.framework; sourceTree = DEVELOPER_DIR; };
		CA58DA1B2F815CAE000D87A4 /* Debug.xcconfig */ = {isa = PBXFileReference; lastKnownFileType = text.xcconfig; path = Debug.xcconfig; sourceTree = "<group>"; };
		CA58DA1C2F815CAE000D87A4 /* Release.xcconfig */ = {isa = PBXFileReference; lastKnownFileType = text.xcconfig; path = Release.xcconfig; sourceTree = "<group>"; };
		CA58DA1E2F815CAE000D87A4 /* ChatLocalStore.swift */ = {isa = PBXFileReference; lastKnownFileType = sourcecode.swift; path = ChatLocalStore.swift; sourceTree = "<group>"; };
		CA58DA1F2F815CAE000D87A4 /* SwiftDataChatStore.swift */ = {isa = PBXFileReference; lastKnownFileType = sourcecode.swift; path = SwiftDataChatStore.swift; sourceTree = "<group>"; };
		CA58DA212F815CAE000D87A4 /* ChatRealtimeService.swift */ = {isa = PBXFileReference; lastKnownFileType = sourcecode.swift; path = ChatRealtimeService.swift; sourceTree = "<group>"; };
		CA58DA222F815CAE000D87A4 /* DefaultChatRealtimeService.swift */ = {isa = PBXFileReference; lastKnownFileType = sourcecode.swift; path = DefaultChatRealtimeService.swift; sourceTree = "<group>"; };
		CA58DA242F815CAE000D87A4 /* RESTAuthService.swift */ = {isa = PBXFileReference; lastKnownFileType = sourcecode.swift; path = RESTAuthService.swift; sourceTree = "<group>"; };
		CA58DA262F815CAE000D87A4 /* DefaultChatRepository.swift */ = {isa = PBXFileReference; lastKnownFileType = sourcecode.swift; path = DefaultChatRepository.swift; sourceTree = "<group>"; };
		CA58DA292F815CAE000D87A4 /* Chat.swift */ = {isa = PBXFileReference; lastKnownFileType = sourcecode.swift; path = Chat.swift; sourceTree = "<group>"; };
		CA58DA2A2F815CAE000D87A4 /* Message.swift */ = {isa = PBXFileReference; lastKnownFileType = sourcecode.swift; path = Message.swift; sourceTree = "<group>"; };
		CA58DA2B2F815CAE000D87A4 /* MessageAttachment.swift */ = {isa = PBXFileReference; lastKnownFileType = sourcecode.swift; path = MessageAttachment.swift; sourceTree = "<group>"; };
		CA58DA2C2F815CAE000D87A4 /* MessageStatus.swift */ = {isa = PBXFileReference; lastKnownFileType = sourcecode.swift; path = MessageStatus.swift; sourceTree = "<group>"; };
		CA58DA2E2F815CAE000D87A4 /* ChatRepository.swift */ = {isa = PBXFileReference; lastKnownFileType = sourcecode.swift; path = ChatRepository.swift; sourceTree = "<group>"; };
		CA58DA302F815CAE000D87A4 /* LoadChatHistoryUseCase.swift */ = {isa = PBXFileReference; lastKnownFileType = sourcecode.swift; path = LoadChatHistoryUseCase.swift; sourceTree = "<group>"; };
		CA58DA312F815CAE000D87A4 /* LoadChatListUseCase.swift */ = {isa = PBXFileReference; lastKnownFileType = sourcecode.swift; path = LoadChatListUseCase.swift; sourceTree = "<group>"; };
		CA58DA322F815CAE000D87A4 /* MarkMessageStatusUseCase.swift */ = {isa = PBXFileReference; lastKnownFileType = sourcecode.swift; path = MarkMessageStatusUseCase.swift; sourceTree = "<group>"; };
		CA58DA332F815CAE000D87A4 /* ObserveChatMessagesUseCase.swift */ = {isa = PBXFileReference; lastKnownFileType = sourcecode.swift; path = ObserveChatMessagesUseCase.swift; sourceTree = "<group>"; };
		CA58DA342F815CAE000D87A4 /* RetryPendingMessagesUseCase.swift */ = {isa = PBXFileReference; lastKnownFileType = sourcecode.swift; path = RetryPendingMessagesUseCase.swift; sourceTree = "<group>"; };
		CA58DA352F815CAE000D87A4 /* SendMessageUseCase.swift */ = {isa = PBXFileReference; lastKnownFileType = sourcecode.swift; path = SendMessageUseCase.swift; sourceTree = "<group>"; };
		CA58DA382F815CAE000D87A4 /* ContentView.swift */ = {isa = PBXFileReference; lastKnownFileType = sourcecode.swift; path = ContentView.swift; sourceTree = "<group>"; };
		CA58DA392F815CAE000D87A4 /* MainTabView.swift */ = {isa = PBXFileReference; lastKnownFileType = sourcecode.swift; path = MainTabView.swift; sourceTree = "<group>"; };
		CA58DA3A2F815CAE000D87A4 /* MobileMessengerIOSApp.swift */ = {isa = PBXFileReference; lastKnownFileType = sourcecode.swift; path = MobileMessengerIOSApp.swift; sourceTree = "<group>"; };
		CA58DA3B2F815CAE000D87A4 /* ProfileView.swift */ = {isa = PBXFileReference; lastKnownFileType = sourcecode.swift; path = ProfileView.swift; sourceTree = "<group>"; };
		CA58DA3D2F815CAE000D87A4 /* AuthView.swift */ = {isa = PBXFileReference; lastKnownFileType = sourcecode.swift; path = AuthView.swift; sourceTree = "<group>"; };
		CA58DA3E2F815CAE000D87A4 /* AuthViewModel.swift */ = {isa = PBXFileReference; lastKnownFileType = sourcecode.swift; path = AuthViewModel.swift; sourceTree = "<group>"; };
		CA58DA402F815CAE000D87A4 /* ChatViewModel.swift */ = {isa = PBXFileReference; lastKnownFileType = sourcecode.swift; path = ChatViewModel.swift; sourceTree = "<group>"; };
		CA58DA412F815CAE000D87A4 /* DialogueView.swift */ = {isa = PBXFileReference; lastKnownFileType = sourcecode.swift; path = DialogueView.swift; sourceTree = "<group>"; };
		CA58DA432F815CAE000D87A4 /* ChatListView.swift */ = {isa = PBXFileReference; lastKnownFileType = sourcecode.swift; path = ChatListView.swift; sourceTree = "<group>"; };
		CA58DA442F815CAE000D87A4 /* ChatListViewModel.swift */ = {isa = PBXFileReference; lastKnownFileType = sourcecode.swift; path = ChatListViewModel.swift; sourceTree = "<group>"; };
		CA58DA462F815CAE000D87A4 /* MessageStatusView.swift */ = {isa = PBXFileReference; lastKnownFileType = sourcecode.swift; path = MessageStatusView.swift; sourceTree = "<group>"; };
		CA58DA472F815CAE000D87A4 /* SkeletonView.swift */ = {isa = PBXFileReference; lastKnownFileType = sourcecode.swift; path = SkeletonView.swift; sourceTree = "<group>"; };
		CA58DA4A2F815CAE000D87A4 /* Contents.json */ = {isa = PBXFileReference; lastKnownFileType = text.json; path = Contents.json; sourceTree = "<group>"; };
		CA58DA4B2F815CAE000D87A4 /* Preview Assets.xcassets */ = {isa = PBXFileReference; lastKnownFileType = folder.assetcatalog; path = "Preview Assets.xcassets"; sourceTree = "<group>"; };
		CA58DA4D2F815CAE000D87A4 /* AppConfig.swift */ = {isa = PBXFileReference; lastKnownFileType = sourcecode.swift; path = AppConfig.swift; sourceTree = "<group>"; };
		CA58DA4F2F815CAE000D87A4 /* AppContainer.swift */ = {isa = PBXFileReference; lastKnownFileType = sourcecode.swift; path = AppContainer.swift; sourceTree = "<group>"; };
		CA58DA512F815CAE000D87A4 /* AppError.swift */ = {isa = PBXFileReference; lastKnownFileType = sourcecode.swift; path = AppError.swift; sourceTree = "<group>"; };
		CA58DA532F815CAE000D87A4 /* AnalyticsEvent.swift */ = {isa = PBXFileReference; lastKnownFileType = sourcecode.swift; path = AnalyticsEvent.swift; sourceTree = "<group>"; };
		CA58DA542F815CAE000D87A4 /* AnalyticsService.swift */ = {isa = PBXFileReference; lastKnownFileType = sourcecode.swift; path = AnalyticsService.swift; sourceTree = "<group>"; };
		CA58DA562F815CAE000D87A4 /* KeychainTokenStore.swift */ = {isa = PBXFileReference; lastKnownFileType = sourcecode.swift; path = KeychainTokenStore.swift; sourceTree = "<group>"; };
		CA58DA582F815CAE000D87A4 /* SessionStore.swift */ = {isa = PBXFileReference; lastKnownFileType = sourcecode.swift; path = SessionStore.swift; sourceTree = "<group>"; };
		CA58DA5A2F815CAE000D87A4 /* PushNotificationManager.swift */ = {isa = PBXFileReference; lastKnownFileType = sourcecode.swift; path = PushNotificationManager.swift; sourceTree = "<group>"; };
		CA58DA5B2F815CAE000D87A4 /* ReachabilityService.swift */ = {isa = PBXFileReference; lastKnownFileType = sourcecode.swift; path = ReachabilityService.swift; sourceTree = "<group>"; };
		CA58DA5E2F815CAE000D87A4 /* Assets.xcassets */ = {isa = PBXFileReference; lastKnownFileType = folder.assetcatalog; path = Assets.xcassets; sourceTree = "<group>"; };
		CA58DA5F2F815CAE000D87A4 /* Info.plist */ = {isa = PBXFileReference; lastKnownFileType = text.plist.xml; path = Info.plist; sourceTree = "<group>"; };
		CA58DA912F815CAE000D87A4 /* RESTChatService.swift */ = {isa = PBXFileReference; lastKnownFileType = sourcecode.swift; path = RESTChatService.swift; sourceTree = "<group>"; };
		CA58DA922F815CAE000D87A4 /* CreateChatUseCase.swift */ = {isa = PBXFileReference; lastKnownFileType = sourcecode.swift; path = CreateChatUseCase.swift; sourceTree = "<group>"; };
		CA58DA932F815CAE000D87A4 /* SendImageMessageUseCase.swift */ = {isa = PBXFileReference; lastKnownFileType = sourcecode.swift; path = SendImageMessageUseCase.swift; sourceTree = "<group>"; };
		CA58DA942F815CAE000D87A4 /* SetTypingUseCase.swift */ = {isa = PBXFileReference; lastKnownFileType = sourcecode.swift; path = SetTypingUseCase.swift; sourceTree = "<group>"; };
/* End PBXFileReference section */

/* Begin PBXFrameworksBuildPhase section */
		1C1C5E852B0B598A00A6A7E5 /* Frameworks */ = {
			isa = PBXFrameworksBuildPhase;
			buildActionMask = 2147483647;
			files = (
			);
			runOnlyForDeploymentPostprocessing = 0;
		};
		927B8B5C74CC8703E870E87A /* Frameworks */ = {
			isa = PBXFrameworksBuildPhase;
			buildActionMask = 2147483647;
			files = (
				579479C98A319213F0A5A273 /* Foundation.framework in Frameworks */,
				11D6DCCADCCD144C3C1F1237 /* XCTest.framework in Frameworks */,
			);
			runOnlyForDeploymentPostprocessing = 0;
		};
/* End PBXFrameworksBuildPhase section */

/* Begin PBXGroup section */
		1C1C5E7F2B0B598A00A6A7E5 = {
			isa = PBXGroup;
			children = (
				CA58DA602F815CAE000D87A4 /* MobileMessengerIOS */,
				1C1C5E872B0B598A00A6A7E5 /*  */,
				79BFD70436D0191426B2AB6F /* MobileMessengerIOSTests */,
				DFC3355375C7C36CCE54035B /* Frameworks */,
			);
			sourceTree = "<group>";
		};
		1C1C5E872B0B598A00A6A7E5 /*  */ = {
			isa = PBXGroup;
			children = (
				1C1C5E882B0B598A00A6A7E5 /* MobileMessengerIOS.app */,
				7B1BDB0D7A65535E6E00803C /* MobileMessengerIOSTests.xctest */,
			);
			sourceTree = "<group>";
		};
		79BFD70436D0191426B2AB6F /* MobileMessengerIOSTests */ = {
			isa = PBXGroup;
			children = (
				A724708F1DE789761C6C36CB /* MobileMessengerIOSTests.swift */,
				1571DEF35A1B4C10AE2F5CFF /* ChatRepositoryTests.swift */,
			);
			name = MobileMessengerIOSTests;
			sourceTree = "<group>";
		};
		A34E52BE9CE5D551BAD6CC18 /* iOS */ = {
			isa = PBXGroup;
			children = (
				C60C7925F3F560E1F97B5D83 /* Foundation.framework */,
			);
			name = iOS;
			sourceTree = "<group>";
		};
		CA58DA1D2F815CAE000D87A4 /* Configurations */ = {
			isa = PBXGroup;
			children = (
				CA58DA1B2F815CAE000D87A4 /* Debug.xcconfig */,
				CA58DA1C2F815CAE000D87A4 /* Release.xcconfig */,
			);
			path = Configurations;
			sourceTree = "<group>";
		};
		CA58DA202F815CAE000D87A4 /* Local */ = {
			isa = PBXGroup;
			children = (
				CA58DA1E2F815CAE000D87A4 /* ChatLocalStore.swift */,
				CA58DA1F2F815CAE000D87A4 /* SwiftDataChatStore.swift */,
			);
			path = Local;
			sourceTree = "<group>";
		};
		CA58DA232F815CAE000D87A4 /* Realtime */ = {
			isa = PBXGroup;
			children = (
				CA58DA212F815CAE000D87A4 /* ChatRealtimeService.swift */,
				CA58DA222F815CAE000D87A4 /* DefaultChatRealtimeService.swift */,
			);
			path = Realtime;
			sourceTree = "<group>";
		};
		CA58DA252F815CAE000D87A4 /* Remote */ = {
			isa = PBXGroup;
			children = (
				CA58DA242F815CAE000D87A4 /* RESTAuthService.swift */,
				CA58DA912F815CAE000D87A4 /* RESTChatService.swift */,
			);
			path = Remote;
			sourceTree = "<group>";
		};
		CA58DA272F815CAE000D87A4 /* Repositories */ = {
			isa = PBXGroup;
			children = (
				CA58DA262F815CAE000D87A4 /* DefaultChatRepository.swift */,
			);
			path = Repositories;
			sourceTree = "<group>";
		};
		CA58DA282F815CAE000D87A4 /* Data */ = {
			isa = PBXGroup;
			children = (
				CA58DA202F815CAE000D87A4 /* Local */,
				CA58DA232F815CAE000D87A4 /* Realtime */,
				CA58DA252F815CAE000D87A4 /* Remote */,
				CA58DA272F815CAE000D87A4 /* Repositories */,
			);
			path = Data;
			sourceTree = "<group>";
		};
		CA58DA2D2F815CAE000D87A4 /* Models */ = {
			isa = PBXGroup;
			children = (
				CA58DA292F815CAE000D87A4 /* Chat.swift */,
				CA58DA2A2F815CAE000D87A4 /* Message.swift */,
				CA58DA2B2F815CAE000D87A4 /* MessageAttachment.swift */,
				CA58DA2C2F815CAE000D87A4 /* MessageStatus.swift */,
			);
			path = Models;
			sourceTree = "<group>";
		};
		CA58DA2F2F815CAE000D87A4 /* Repositories */ = {
			isa = PBXGroup;
			children = (
				CA58DA2E2F815CAE000D87A4 /* ChatRepository.swift */,
			);
			path = Repositories;
			sourceTree = "<group>";
		};
		CA58DA362F815CAE000D87A4 /* UseCases */ = {
			isa = PBXGroup;
			children = (
				CA58DA922F815CAE000D87A4 /* CreateChatUseCase.swift */,
				CA58DA302F815CAE000D87A4 /* LoadChatHistoryUseCase.swift */,
				CA58DA312F815CAE000D87A4 /* LoadChatListUseCase.swift */,
				CA58DA322F815CAE000D87A4 /* MarkMessageStatusUseCase.swift */,
				CA58DA332F815CAE000D87A4 /* ObserveChatMessagesUseCase.swift */,
				CA58DA342F815CAE000D87A4 /* RetryPendingMessagesUseCase.swift */,
				CA58DA942F815CAE000D87A4 /* SetTypingUseCase.swift */,
				CA58DA932F815CAE000D87A4 /* SendImageMessageUseCase.swift */,
				CA58DA352F815CAE000D87A4 /* SendMessageUseCase.swift */,
			);
			path = UseCases;
			sourceTree = "<group>";
		};
		CA58DA372F815CAE000D87A4 /* Domain */ = {
			isa = PBXGroup;
			children = (
				CA58DA2D2F815CAE000D87A4 /* Models */,
				CA58DA2F2F815CAE000D87A4 /* Repositories */,
				CA58DA362F815CAE000D87A4 /* UseCases */,
			);
			path = Domain;
			sourceTree = "<group>";
		};
		CA58DA3C2F815CAE000D87A4 /* App */ = {
			isa = PBXGroup;
			children = (
				CA58DA382F815CAE000D87A4 /* ContentView.swift */,
				CA58DA392F815CAE000D87A4 /* MainTabView.swift */,
				CA58DA3A2F815CAE000D87A4 /* MobileMessengerIOSApp.swift */,
				CA58DA3B2F815CAE000D87A4 /* ProfileView.swift */,
			);
			path = App;
			sourceTree = "<group>";
		};
		CA58DA3F2F815CAE000D87A4 /* Auth */ = {
			isa = PBXGroup;
			children = (
				CA58DA3D2F815CAE000D87A4 /* AuthView.swift */,
				CA58DA3E2F815CAE000D87A4 /* AuthViewModel.swift */,
			);
			path = Auth;
			sourceTree = "<group>";
		};
		CA58DA422F815CAE000D87A4 /* Chat */ = {
			isa = PBXGroup;
			children = (
				CA58DA402F815CAE000D87A4 /* ChatViewModel.swift */,
				CA58DA412F815CAE000D87A4 /* DialogueView.swift */,
			);
			path = Chat;
			sourceTree = "<group>";
		};
		CA58DA452F815CAE000D87A4 /* ChatList */ = {
			isa = PBXGroup;
			children = (
				CA58DA432F815CAE000D87A4 /* ChatListView.swift */,
				CA58DA442F815CAE000D87A4 /* ChatListViewModel.swift */,
			);
			path = ChatList;
			sourceTree = "<group>";
		};
		CA58DA482F815CAE000D87A4 /* Common */ = {
			isa = PBXGroup;
			children = (
				CA58DA462F815CAE000D87A4 /* MessageStatusView.swift */,
				CA58DA472F815CAE000D87A4 /* SkeletonView.swift */,
			);
			path = Common;
			sourceTree = "<group>";
		};
		CA58DA492F815CAE000D87A4 /* Presentation */ = {
			isa = PBXGroup;
			children = (
				CA58DA3C2F815CAE000D87A4 /* App */,
				CA58DA3F2F815CAE000D87A4 /* Auth */,
				CA58DA422F815CAE000D87A4 /* Chat */,
				CA58DA452F815CAE000D87A4 /* ChatList */,
				CA58DA482F815CAE000D87A4 /* Common */,
			);
			path = Presentation;
			sourceTree = "<group>";
		};
		CA58DA4C2F815CAE000D87A4 /* Preview Content */ = {
			isa = PBXGroup;
			children = (
				CA58DA4A2F815CAE000D87A4 /* Contents.json */,
				CA58DA4B2F815CAE000D87A4 /* Preview Assets.xcassets */,
			);
			path = "Preview Content";
			sourceTree = "<group>";
		};
		CA58DA4E2F815CAE000D87A4 /* Config */ = {
			isa = PBXGroup;
			children = (
				CA58DA4D2F815CAE000D87A4 /* AppConfig.swift */,
			);
			path = Config;
			sourceTree = "<group>";
		};
		CA58DA502F815CAE000D87A4 /* DI */ = {
			isa = PBXGroup;
			children = (
				CA58DA4F2F815CAE000D87A4 /* AppContainer.swift */,
			);
			path = DI;
			sourceTree = "<group>";
		};
		CA58DA522F815CAE000D87A4 /* Errors */ = {
			isa = PBXGroup;
			children = (
				CA58DA512F815CAE000D87A4 /* AppError.swift */,
			);
			path = Errors;
			sourceTree = "<group>";
		};
		CA58DA552F815CAE000D87A4 /* Logging */ = {
			isa = PBXGroup;
			children = (
				CA58DA532F815CAE000D87A4 /* AnalyticsEvent.swift */,
				CA58DA542F815CAE000D87A4 /* AnalyticsService.swift */,
			);
			path = Logging;
			sourceTree = "<group>";
		};
		CA58DA572F815CAE000D87A4 /* Security */ = {
			isa = PBXGroup;
			children = (
				CA58DA562F815CAE000D87A4 /* KeychainTokenStore.swift */,
			);
			path = Security;
			sourceTree = "<group>";
		};
		CA58DA592F815CAE000D87A4 /* Session */ = {
			isa = PBXGroup;
			children = (
				CA58DA582F815CAE000D87A4 /* SessionStore.swift */,
			);
			path = Session;
			sourceTree = "<group>";
		};
		CA58DA5C2F815CAE000D87A4 /* Utilities */ = {
			isa = PBXGroup;
			children = (
				CA58DA5A2F815CAE000D87A4 /* PushNotificationManager.swift */,
				CA58DA5B2F815CAE000D87A4 /* ReachabilityService.swift */,
			);
			path = Utilities;
			sourceTree = "<group>";
		};
		CA58DA5D2F815CAE000D87A4 /* Shared */ = {
			isa = PBXGroup;
			children = (
				CA58DA4E2F815CAE000D87A4 /* Config */,
				CA58DA502F815CAE000D87A4 /* DI */,
				CA58DA522F815CAE000D87A4 /* Errors */,
				CA58DA552F815CAE000D87A4 /* Logging */,
				CA58DA572F815CAE000D87A4 /* Security */,
				CA58DA592F815CAE000D87A4 /* Session */,
				CA58DA5C2F815CAE000D87A4 /* Utilities */,
			);
			path = Shared;
			sourceTree = "<group>";
		};
		CA58DA602F815CAE000D87A4 /* MobileMessengerIOS */ = {
			isa = PBXGroup;
			children = (
				CA58DA1D2F815CAE000D87A4 /* Configurations */,
				CA58DA282F815CAE000D87A4 /* Data */,
				CA58DA372F815CAE000D87A4 /* Domain */,
				CA58DA492F815CAE000D87A4 /* Presentation */,
				CA58DA4C2F815CAE000D87A4 /* Preview Content */,
				CA58DA5D2F815CAE000D87A4 /* Shared */,
				CA58DA5E2F815CAE000D87A4 /* Assets.xcassets */,
				CA58DA5F2F815CAE000D87A4 /* Info.plist */,
			);
			path = MobileMessengerIOS;
			sourceTree = "<group>";
		};
		DFC3355375C7C36CCE54035B /* Frameworks */ = {
			isa = PBXGroup;
			children = (
				25ACC1AABD3AC5F12D308989 /* XCTest.framework */,
				A34E52BE9CE5D551BAD6CC18 /* iOS */,
			);
			name = Frameworks;
			sourceTree = "<group>";
		};
/* End PBXGroup section */

/* Begin PBXNativeTarget section */
		1C1C5E892B0B598A00A6A7E5 /* MobileMessengerIOS */ = {
			isa = PBXNativeTarget;
			buildConfigurationList = 1C1C5E972B0B598A00A6A7E5 /* Build configuration list for PBXNativeTarget "MobileMessengerIOS" */;
			buildPhases = (
				1C1C5E842B0B598A00A6A7E5 /* Sources */,
				1C1C5E852B0B598A00A6A7E5 /* Frameworks */,
				1C1C5E862B0B598A00A6A7E5 /* Resources */,
			);
			buildRules = (
			);
			dependencies = (
			);
			name = MobileMessengerIOS;
			productName = MobileMessengerIOS;
			productReference = 1C1C5E882B0B598A00A6A7E5 /* MobileMessengerIOS.app */;
			productType = "com.apple.product-type.application";
		};
		85E6BC1082C21C0208E75EE5 /* MobileMessengerIOSTests */ = {
			isa = PBXNativeTarget;
			buildConfigurationList = 0B3E5F4B314906828E655440 /* Build configuration list for PBXNativeTarget "MobileMessengerIOSTests" */;
			buildPhases = (
				35988324912C79B8A650F6D8 /* Sources */,
				927B8B5C74CC8703E870E87A /* Frameworks */,
				CCA879ECEBE327EC615F4BB9 /* Resources */,
			);
			buildRules = (
			);
			dependencies = (
				A623D311E3176B5E271AE630 /* PBXTargetDependency */,
			);
			name = MobileMessengerIOSTests;
			productName = MobileMessengerIOSTests;
			productReference = 7B1BDB0D7A65535E6E00803C /* MobileMessengerIOSTests.xctest */;
			productType = "com.apple.product-type.bundle.unit-test";
		};
/* End PBXNativeTarget section */

/* Begin PBXProject section */
		1C1C5E802B0B598A00A6A7E5 /* Project object */ = {
			isa = PBXProject;
			attributes = {
				BuildIndependentTargetsInParallel = 1;
				LastSwiftUpdateCheck = 1500;
				LastUpgradeCheck = 2630;
				TargetAttributes = {
					1C1C5E892B0B598A00A6A7E5 = {
						CreatedOnToolsVersion = 15.0;
					};
					85E6BC1082C21C0208E75EE5 = {
						CreatedOnToolsVersion = 15.0;
						TestTargetID = 1C1C5E892B0B598A00A6A7E5;
					};
				};
			};
			buildConfigurationList = 1C1C5E832B0B598A00A6A7E5 /* Build configuration list for PBXProject "MobileMessengerIOS" */;
			compatibilityVersion = "Xcode 15.0";
			developmentRegion = en;
			hasScannedForEncodings = 0;
			knownRegions = (
				en,
				Base,
			);
			mainGroup = 1C1C5E7F2B0B598A00A6A7E5;
			productRefGroup = 1C1C5E872B0B598A00A6A7E5 /*  */;
			projectDirPath = "";
			projectRoot = "";
			targets = (
				1C1C5E892B0B598A00A6A7E5 /* MobileMessengerIOS */,
				85E6BC1082C21C0208E75EE5 /* MobileMessengerIOSTests */,
			);
		};
/* End PBXProject section */

/* Begin PBXResourcesBuildPhase section */
		1C1C5E862B0B598A00A6A7E5 /* Resources */ = {
			isa = PBXResourcesBuildPhase;
			buildActionMask = 2147483647;
			files = (
				CA58DA872F815CAE000D87A4 /* Assets.xcassets in Resources */,
				CA58DA882F815CAE000D87A4 /* Preview Assets.xcassets in Resources */,
				CA58DA8C2F815CAE000D87A4 /* Contents.json in Resources */,
			);
			runOnlyForDeploymentPostprocessing = 0;
		};
		CCA879ECEBE327EC615F4BB9 /* Resources */ = {
			isa = PBXResourcesBuildPhase;
			buildActionMask = 2147483647;
			files = (
			);
			runOnlyForDeploymentPostprocessing = 0;
		};
/* End PBXResourcesBuildPhase section */

/* Begin PBXSourcesBuildPhase section */
		1C1C5E842B0B598A00A6A7E5 /* Sources */ = {
			isa = PBXSourcesBuildPhase;
			buildActionMask = 2147483647;
			files = (
				CA58DA612F815CAE000D87A4 /* AnalyticsService.swift in Sources */,
				CA58DA622F815CAE000D87A4 /* ReachabilityService.swift in Sources */,
				CA58DA632F815CAE000D87A4 /* AppContainer.swift in Sources */,
				CA58DA642F815CAE000D87A4 /* PushNotificationManager.swift in Sources */,
				CA58DA652F815CAE000D87A4 /* ChatRepository.swift in Sources */,
				CA58DA662F815CAE000D87A4 /* SendMessageUseCase.swift in Sources */,
				CA58DA672F815CAE000D87A4 /* SessionStore.swift in Sources */,
				CA58DA682F815CAE000D87A4 /* SwiftDataChatStore.swift in Sources */,
				CA58DA692F815CAE000D87A4 /* ChatListViewModel.swift in Sources */,
				CA58DA6A2F815CAE000D87A4 /* MarkMessageStatusUseCase.swift in Sources */,
				CA58DA6B2F815CAE000D87A4 /* LoadChatListUseCase.swift in Sources */,
				CA58DA6C2F815CAE000D87A4 /* KeychainTokenStore.swift in Sources */,
				CA58DA6D2F815CAE000D87A4 /* ProfileView.swift in Sources */,
				CA58DA6E2F815CAE000D87A4 /* Chat.swift in Sources */,
				CA58DA6F2F815CAE000D87A4 /* DialogueView.swift in Sources */,
				CA58DA702F815CAE000D87A4 /* ContentView.swift in Sources */,
				CA58DA712F815CAE000D87A4 /* AuthView.swift in Sources */,
				CA58DA722F815CAE000D87A4 /* ChatLocalStore.swift in Sources */,
				CA58DA732F815CAE000D87A4 /* MessageStatusView.swift in Sources */,
				CA58DA742F815CAE000D87A4 /* LoadChatHistoryUseCase.swift in Sources */,
				CA58DA752F815CAE000D87A4 /* MainTabView.swift in Sources */,
				CA58DA762F815CAE000D87A4 /* DefaultChatRealtimeService.swift in Sources */,
				CA58DA772F815CAE000D87A4 /* Message.swift in Sources */,
				CA58DA782F815CAE000D87A4 /* ChatListView.swift in Sources */,
				CA58DA792F815CAE000D87A4 /* DefaultChatRepository.swift in Sources */,
				CA58DA7A2F815CAE000D87A4 /* ObserveChatMessagesUseCase.swift in Sources */,
				CA58DA7B2F815CAE000D87A4 /* RetryPendingMessagesUseCase.swift in Sources */,
				CA58DA7C2F815CAE000D87A4 /* ChatViewModel.swift in Sources */,
				CA58DA7D2F815CAE000D87A4 /* SkeletonView.swift in Sources */,
				CA58DA7E2F815CAE000D87A4 /* MobileMessengerIOSApp.swift in Sources */,
				CA58DA7F2F815CAE000D87A4 /* MessageStatus.swift in Sources */,
				CA58DA802F815CAE000D87A4 /* AppConfig.swift in Sources */,
				CA58DA812F815CAE000D87A4 /* AnalyticsEvent.swift in Sources */,
				CA58DA822F815CAE000D87A4 /* AppError.swift in Sources */,
				CA58DA832F815CAE000D87A4 /* AuthViewModel.swift in Sources */,
				CA58DA842F815CAE000D87A4 /* MessageAttachment.swift in Sources */,
				CA58DA852F815CAE000D87A4 /* RESTAuthService.swift in Sources */,
				CA58DA862F815CAE000D87A4 /* ChatRealtimeService.swift in Sources */,
				CA58DA8D2F815CAE000D87A4 /* RESTChatService.swift in Sources */,
				CA58DA8E2F815CAE000D87A4 /* CreateChatUseCase.swift in Sources */,
				CA58DA8F2F815CAE000D87A4 /* SendImageMessageUseCase.swift in Sources */,
				CA58DA902F815CAE000D87A4 /* SetTypingUseCase.swift in Sources */,
			);
			runOnlyForDeploymentPostprocessing = 0;
		};
		35988324912C79B8A650F6D8 /* Sources */ = {
			isa = PBXSourcesBuildPhase;
			buildActionMask = 2147483647;
			files = (
				9E2DBD7BB84A44D4B42EFA25 /* ChatRepositoryTests.swift in Sources */,
				FD72864FF5C71B50F190D101 /* MobileMessengerIOSTests.swift in Sources */,
			);
			runOnlyForDeploymentPostprocessing = 0;
		};
/* End PBXSourcesBuildPhase section */

/* Begin PBXTargetDependency section */
		A623D311E3176B5E271AE630 /* PBXTargetDependency */ = {
			isa = PBXTargetDependency;
			name = MobileMessengerIOS;
			target = 1C1C5E892B0B598A00A6A7E5 /* MobileMessengerIOS */;
			targetProxy = F2DF1779D812AB78705454DE /* PBXContainerItemProxy */;
		};
/* End PBXTargetDependency section */

/* Begin XCBuildConfiguration section */
		1C1C5E952B0B598A00A6A7E5 /* Debug */ = {
			isa = XCBuildConfiguration;
			baseConfigurationReference = CA58DA1B2F815CAE000D87A4 /* Debug.xcconfig */;
			buildSettings = {
				ALWAYS_SEARCH_USER_PATHS = NO;
				ASSETCATALOG_COMPILER_APPICON_NAME = AppIcon;
				ASSETCATALOG_COMPILER_GLOBAL_ACCENT_COLOR_NAME = AccentColor;
				CLANG_ANALYZER_NONNULL = YES;
				CLANG_ANALYZER_NUMBER_OBJECT_CONVERSION = YES_AGGRESSIVE;
				CLANG_CXX_LANGUAGE_STANDARD = "gnu++20";
				CLANG_ENABLE_MODULES = YES;
				CLANG_ENABLE_OBJC_ARC = YES;
				CLANG_ENABLE_OBJC_WEAK = YES;
				CLANG_WARN_BLOCK_CAPTURE_AUTORELEASING = YES;
				CLANG_WARN_BOOL_CONVERSION = YES;
				CLANG_WARN_COMMA = YES;
				CLANG_WARN_CONSTANT_CONVERSION = YES;
				CLANG_WARN_DEPRECATED_OBJC_IMPLEMENTATIONS = YES;
				CLANG_WARN_DIRECT_OBJC_ISA_USAGE = YES_ERROR;
				CLANG_WARN_DOCUMENTATION_COMMENTS = YES;
				CLANG_WARN_EMPTY_BODY = YES;
				CLANG_WARN_ENUM_CONVERSION = YES;
				CLANG_WARN_INFINITE_RECURSION = YES;
				CLANG_WARN_INT_CONVERSION = YES;
				CLANG_WARN_NON_LITERAL_NULL_CONVERSION = YES;
				CLANG_WARN_OBJC_IMPLICIT_RETAIN_SELF = YES;
				CLANG_WARN_OBJC_LITERAL_CONVERSION = YES;
				CLANG_WARN_OBJC_ROOT_CLASS = YES_ERROR;
				CLANG_WARN_QUOTED_INCLUDE_IN_FRAMEWORK_HEADER = YES;
				CLANG_WARN_RANGE_LOOP_ANALYSIS = YES;
				CLANG_WARN_STRICT_PROTOTYPES = YES;
				CLANG_WARN_SUSPICIOUS_MOVE = YES;
				CLANG_WARN_UNGUARDED_AVAILABILITY = YES_AGGRESSIVE;
				CODE_SIGN_IDENTITY = "Apple Development";
				CODE_SIGN_STYLE = Automatic;
				COPY_PHASE_STRIP = NO;
				DEBUG_INFORMATION_FORMAT = dwarf;
				DEVELOPMENT_ASSET_PATHS = "MobileMessengerIOS/Preview\\ Content";
				DEVELOPMENT_TEAM = TUNYHP729L;
				ENABLE_PREVIEWS = YES;
				ENABLE_STRICT_OBJC_MSGSEND = YES;
				ENABLE_TESTABILITY = YES;
				GCC_C_LANGUAGE_STANDARD = gnu17;
				GENERATE_INFOPLIST_FILE = NO;
				INFOPLIST_FILE = MobileMessengerIOS/Info.plist;
				INFOPLIST_KEY_UIApplicationSceneManifest_Generation = YES;
				INFOPLIST_KEY_UIApplicationSupportsIndirectInputEvents = YES;
				INFOPLIST_KEY_UILaunchScreen_Generation = YES;
				INFOPLIST_KEY_UISupportedInterfaceOrientations_iPad = "UIInterfaceOrientationPortrait UIInterfaceOrientationPortraitUpsideDown UIInterfaceOrientationLandscapeLeft UIInterfaceOrientationLandscapeRight";
				INFOPLIST_KEY_UISupportedInterfaceOrientations_iPhone = "UIInterfaceOrientationPortrait UIInterfaceOrientationLandscapeLeft UIInterfaceOrientationLandscapeRight";
				IPHONEOS_DEPLOYMENT_TARGET = 17.0;
				LD_RUNPATH_SEARCH_PATHS = (
					"$(inherited)",
					"@executable_path/Frameworks",
				);
				MARKETING_VERSION = 1.0;
				MTL_ENABLE_DEBUG_INFO = INCLUDE_SOURCE;
				ONLY_ACTIVE_ARCH = YES;
				PRODUCT_BUNDLE_IDENTIFIER = com.mobilemessenger.app;
				PRODUCT_NAME = "$(TARGET_NAME)";
				SDKROOT = iphoneos;
				SWIFT_ACTIVE_COMPILATION_CONDITIONS = DEBUG;
				SWIFT_EMIT_LOC_STRINGS = YES;
				SWIFT_OPTIMIZATION_LEVEL = "-Onone";
				SWIFT_VERSION = 5.0;
				TARGETED_DEVICE_FAMILY = "1,2";
			};
			name = Debug;
		};
		1C1C5E962B0B598A00A6A7E5 /* Release */ = {
			isa = XCBuildConfiguration;
			baseConfigurationReference = CA58DA1C2F815CAE000D87A4 /* Release.xcconfig */;
			buildSettings = {
				ALWAYS_SEARCH_USER_PATHS = NO;
				ASSETCATALOG_COMPILER_APPICON_NAME = AppIcon;
				ASSETCATALOG_COMPILER_GLOBAL_ACCENT_COLOR_NAME = AccentColor;
				CLANG_ANALYZER_NONNULL = YES;
				CLANG_ANALYZER_NUMBER_OBJECT_CONVERSION = YES_AGGRESSIVE;
				CLANG_CXX_LANGUAGE_STANDARD = "gnu++20";
				CLANG_ENABLE_MODULES = YES;
				CLANG_ENABLE_OBJC_ARC = YES;
				CLANG_ENABLE_OBJC_WEAK = YES;
				CLANG_WARN_BLOCK_CAPTURE_AUTORELEASING = YES;
				CLANG_WARN_BOOL_CONVERSION = YES;
				CLANG_WARN_COMMA = YES;
				CLANG_WARN_CONSTANT_CONVERSION = YES;
				CLANG_WARN_DEPRECATED_OBJC_IMPLEMENTATIONS = YES;
				CLANG_WARN_DIRECT_OBJC_ISA_USAGE = YES_ERROR;
				CLANG_WARN_DOCUMENTATION_COMMENTS = YES;
				CLANG_WARN_EMPTY_BODY = YES;
				CLANG_WARN_ENUM_CONVERSION = YES;
				CLANG_WARN_INFINITE_RECURSION = YES;
				CLANG_WARN_INT_CONVERSION = YES;
				CLANG_WARN_NON_LITERAL_NULL_CONVERSION = YES;
				CLANG_WARN_OBJC_IMPLICIT_RETAIN_SELF = YES;
				CLANG_WARN_OBJC_LITERAL_CONVERSION = YES;
				CLANG_WARN_OBJC_ROOT_CLASS = YES_ERROR;
				CLANG_WARN_QUOTED_INCLUDE_IN_FRAMEWORK_HEADER = YES;
				CLANG_WARN_RANGE_LOOP_ANALYSIS = YES;
				CLANG_WARN_STRICT_PROTOTYPES = YES;
				CLANG_WARN_SUSPICIOUS_MOVE = YES;
				CLANG_WARN_UNGUARDED_AVAILABILITY = YES_AGGRESSIVE;
				CODE_SIGN_IDENTITY = "Apple Development";
				CODE_SIGN_STYLE = Automatic;
				COPY_PHASE_STRIP = NO;
				DEBUG_INFORMATION_FORMAT = "dwarf-with-dsym";
				DEVELOPMENT_ASSET_PATHS = "MobileMessengerIOS/Preview\\ Content";
				DEVELOPMENT_TEAM = TUNYHP729L;
				ENABLE_NS_ASSERTIONS = NO;
				ENABLE_STRICT_OBJC_MSGSEND = YES;
				GCC_C_LANGUAGE_STANDARD = gnu17;
				GENERATE_INFOPLIST_FILE = NO;
				INFOPLIST_FILE = MobileMessengerIOS/Info.plist;
				INFOPLIST_KEY_UIApplicationSceneManifest_Generation = YES;
				INFOPLIST_KEY_UIApplicationSupportsIndirectInputEvents = YES;
				INFOPLIST_KEY_UILaunchScreen_Generation = YES;
				INFOPLIST_KEY_UISupportedInterfaceOrientations_iPad = "UIInterfaceOrientationPortrait UIInterfaceOrientationPortraitUpsideDown UIInterfaceOrientationLandscapeLeft UIInterfaceOrientationLandscapeRight";
				INFOPLIST_KEY_UISupportedInterfaceOrientations_iPhone = "UIInterfaceOrientationPortrait UIInterfaceOrientationLandscapeLeft UIInterfaceOrientationLandscapeRight";
				IPHONEOS_DEPLOYMENT_TARGET = 17.0;
				LD_RUNPATH_SEARCH_PATHS = (
					"$(inherited)",
					"@executable_path/Frameworks",
				);
				MARKETING_VERSION = 1.0;
				MTL_ENABLE_DEBUG_INFO = NO;
				PRODUCT_BUNDLE_IDENTIFIER = com.mobilemessenger.app;
				PRODUCT_NAME = "$(TARGET_NAME)";
				SDKROOT = iphoneos;
				SWIFT_EMIT_LOC_STRINGS = YES;
				SWIFT_OPTIMIZATION_LEVEL = "-O";
				SWIFT_VERSION = 5.0;
				TARGETED_DEVICE_FAMILY = "1,2";
				VALIDATE_PRODUCT = YES;
			};
			name = Release;
		};
		1C1C5E992B0B598A00A6A7E5 /* Debug */ = {
			isa = XCBuildConfiguration;
			buildSettings = {
				ALWAYS_SEARCH_USER_PATHS = NO;
				CLANG_ANALYZER_NONNULL = YES;
				CLANG_ANALYZER_NUMBER_OBJECT_CONVERSION = YES_AGGRESSIVE;
				CLANG_CXX_LANGUAGE_STANDARD = "gnu++20";
				CLANG_ENABLE_MODULES = YES;
				CLANG_ENABLE_OBJC_ARC = YES;
				CLANG_ENABLE_OBJC_WEAK = YES;
				CLANG_WARN_BLOCK_CAPTURE_AUTORELEASING = YES;
				CLANG_WARN_BOOL_CONVERSION = YES;
				CLANG_WARN_COMMA = YES;
				CLANG_WARN_CONSTANT_CONVERSION = YES;
				CLANG_WARN_DEPRECATED_OBJC_IMPLEMENTATIONS = YES;
				CLANG_WARN_DIRECT_OBJC_ISA_USAGE = YES_ERROR;
				CLANG_WARN_DOCUMENTATION_COMMENTS = YES;
				CLANG_WARN_EMPTY_BODY = YES;
				CLANG_WARN_ENUM_CONVERSION = YES;
				CLANG_WARN_INFINITE_RECURSION = YES;
				CLANG_WARN_INT_CONVERSION = YES;
				CLANG_WARN_NON_LITERAL_NULL_CONVERSION = YES;
				CLANG_WARN_OBJC_IMPLICIT_RETAIN_SELF = YES;
				CLANG_WARN_OBJC_LITERAL_CONVERSION = YES;
				CLANG_WARN_OBJC_ROOT_CLASS = YES_ERROR;
				CLANG_WARN_QUOTED_INCLUDE_IN_FRAMEWORK_HEADER = YES;
				CLANG_WARN_RANGE_LOOP_ANALYSIS = YES;
				CLANG_WARN_STRICT_PROTOTYPES = YES;
				CLANG_WARN_SUSPICIOUS_MOVE = YES;
				CLANG_WARN_UNGUARDED_AVAILABILITY = YES_AGGRESSIVE;
				CLANG_WARN_UNREACHABLE_CODE = YES;
				CLANG_WARN__DUPLICATE_METHOD_MATCH = YES;
				CODE_SIGN_STYLE = Automatic;
				COPY_PHASE_STRIP = NO;
				DEBUG_INFORMATION_FORMAT = dwarf;
				DEVELOPMENT_TEAM = TEAMID1234;
				ENABLE_STRICT_OBJC_MSGSEND = YES;
				ENABLE_TESTABILITY = YES;
				ENABLE_USER_SCRIPT_SANDBOXING = YES;
				GCC_C_LANGUAGE_STANDARD = gnu17;
				GCC_DYNAMIC_NO_PIC = NO;
				GCC_NO_COMMON_BLOCKS = YES;
				GCC_OPTIMIZATION_LEVEL = 0;
				GCC_PREPROCESSOR_DEFINITIONS = (
					"DEBUG=1",
					"$(inherited)",
				);
				GCC_WARN_64_TO_32_BIT_CONVERSION = YES;
				GCC_WARN_ABOUT_RETURN_TYPE = YES_ERROR;
				GCC_WARN_UNDECLARED_SELECTOR = YES;
				GCC_WARN_UNINITIALIZED_AUTOS = YES_AGGRESSIVE;
				GCC_WARN_UNUSED_FUNCTION = YES;
				GCC_WARN_UNUSED_VARIABLE = YES;
				IPHONEOS_DEPLOYMENT_TARGET = 17.0;
				MTL_ENABLE_DEBUG_INFO = INCLUDE_SOURCE;
				MTL_FAST_MATH = YES;
				ONLY_ACTIVE_ARCH = YES;
				SDKROOT = iphoneos;
				STRING_CATALOG_GENERATE_SYMBOLS = YES;
			};
			name = Debug;
		};
		1C1C5E9A2B0B598A00A6A7E5 /* Release */ = {
			isa = XCBuildConfiguration;
			buildSettings = {
				ALWAYS_SEARCH_USER_PATHS = NO;
				CLANG_ANALYZER_NONNULL = YES;
				CLANG_ANALYZER_NUMBER_OBJECT_CONVERSION = YES_AGGRESSIVE;
				CLANG_CXX_LANGUAGE_STANDARD = "gnu++20";
				CLANG_ENABLE_MODULES = YES;
				CLANG_ENABLE_OBJC_ARC = YES;
				CLANG_ENABLE_OBJC_WEAK = YES;
				CLANG_WARN_BLOCK_CAPTURE_AUTORELEASING = YES;
				CLANG_WARN_BOOL_CONVERSION = YES;
				CLANG_WARN_COMMA = YES;
				CLANG_WARN_CONSTANT_CONVERSION = YES;
				CLANG_WARN_DEPRECATED_OBJC_IMPLEMENTATIONS = YES;
				CLANG_WARN_DIRECT_OBJC_ISA_USAGE = YES_ERROR;
				CLANG_WARN_DOCUMENTATION_COMMENTS = YES;
				CLANG_WARN_EMPTY_BODY = YES;
				CLANG_WARN_ENUM_CONVERSION = YES;
				CLANG_WARN_INFINITE_RECURSION = YES;
				CLANG_WARN_INT_CONVERSION = YES;
				CLANG_WARN_NON_LITERAL_NULL_CONVERSION = YES;
				CLANG_WARN_OBJC_IMPLICIT_RETAIN_SELF = YES;
				CLANG_WARN_OBJC_LITERAL_CONVERSION = YES;
				CLANG_WARN_OBJC_ROOT_CLASS = YES_ERROR;
				CLANG_WARN_QUOTED_INCLUDE_IN_FRAMEWORK_HEADER = YES;
				CLANG_WARN_RANGE_LOOP_ANALYSIS = YES;
				CLANG_WARN_STRICT_PROTOTYPES = YES;
				CLANG_WARN_SUSPICIOUS_MOVE = YES;
				CLANG_WARN_UNGUARDED_AVAILABILITY = YES_AGGRESSIVE;
				CLANG_WARN_UNREACHABLE_CODE = YES;
				CLANG_WARN__DUPLICATE_METHOD_MATCH = YES;
				CODE_SIGN_STYLE = Automatic;
				COPY_PHASE_STRIP = NO;
				DEBUG_INFORMATION_FORMAT = "dwarf-with-dsym";
				DEVELOPMENT_TEAM = TEAMID1234;
				ENABLE_NS_ASSERTIONS = NO;
				ENABLE_STRICT_OBJC_MSGSEND = YES;
				ENABLE_USER_SCRIPT_SANDBOXING = YES;
				GCC_C_LANGUAGE_STANDARD = gnu17;
				GCC_NO_COMMON_BLOCKS = YES;
				GCC_WARN_64_TO_32_BIT_CONVERSION = YES;
				GCC_WARN_ABOUT_RETURN_TYPE = YES_ERROR;
				GCC_WARN_UNDECLARED_SELECTOR = YES;
				GCC_WARN_UNINITIALIZED_AUTOS = YES_AGGRESSIVE;
				GCC_WARN_UNUSED_FUNCTION = YES;
				GCC_WARN_UNUSED_VARIABLE = YES;
				IPHONEOS_DEPLOYMENT_TARGET = 17.0;
				MTL_ENABLE_DEBUG_INFO = NO;
				MTL_FAST_MATH = YES;
				SDKROOT = iphoneos;
				STRING_CATALOG_GENERATE_SYMBOLS = YES;
				SWIFT_COMPILATION_MODE = wholemodule;
			};
			name = Release;
		};
		3C9C6B592BD93D1927CFCC1F /* Debug */ = {
			isa = XCBuildConfiguration;
			buildSettings = {
				ALWAYS_EMBED_SWIFT_STANDARD_LIBRARIES = NO;
				BUNDLE_LOADER = "$(TEST_HOST)";
				CLANG_ENABLE_OBJC_WEAK = NO;
				CODE_SIGN_STYLE = Automatic;
				DEVELOPMENT_TEAM = TUNYHP729L;
				ENABLE_TESTABILITY = YES;
				GENERATE_INFOPLIST_FILE = YES;
				IPHONEOS_DEPLOYMENT_TARGET = 17.0;
				LD_RUNPATH_SEARCH_PATHS = (
					"$(inherited)",
					"@executable_path/Frameworks",
					"@loader_path/Frameworks",
				);
				PRODUCT_BUNDLE_IDENTIFIER = com.mobilemessenger.appTests;
				PRODUCT_NAME = "$(TARGET_NAME)";
				SDKROOT = iphoneos;
				SWIFT_ACTIVE_COMPILATION_CONDITIONS = DEBUG;
				SWIFT_EMIT_LOC_STRINGS = YES;
				SWIFT_OPTIMIZATION_LEVEL = "-Onone";
				SWIFT_VERSION = 5.0;
				TARGETED_DEVICE_FAMILY = "1,2";
				TEST_HOST = "$(BUILT_PRODUCTS_DIR)/MobileMessengerIOS.app/$(BUNDLE_EXECUTABLE_FOLDER_PATH)/MobileMessengerIOS";
				TEST_TARGET_NAME = MobileMessengerIOS;
			};
			name = Debug;
		};
		8E4D33A0F252614409D41CB5 /* Release */ = {
			isa = XCBuildConfiguration;
			buildSettings = {
				ALWAYS_EMBED_SWIFT_STANDARD_LIBRARIES = NO;
				BUNDLE_LOADER = "$(TEST_HOST)";
				CLANG_ENABLE_OBJC_WEAK = NO;
				CODE_SIGN_STYLE = Automatic;
				DEVELOPMENT_TEAM = TUNYHP729L;
				GENERATE_INFOPLIST_FILE = YES;
				IPHONEOS_DEPLOYMENT_TARGET = 17.0;
				LD_RUNPATH_SEARCH_PATHS = (
					"$(inherited)",
					"@executable_path/Frameworks",
					"@loader_path/Frameworks",
				);
				PRODUCT_BUNDLE_IDENTIFIER = com.mobilemessenger.appTests;
				PRODUCT_NAME = "$(TARGET_NAME)";
				SDKROOT = iphoneos;
				SWIFT_EMIT_LOC_STRINGS = YES;
				SWIFT_VERSION = 5.0;
				TARGETED_DEVICE_FAMILY = "1,2";
				TEST_HOST = "$(BUILT_PRODUCTS_DIR)/MobileMessengerIOS.app/$(BUNDLE_EXECUTABLE_FOLDER_PATH)/MobileMessengerIOS";
				TEST_TARGET_NAME = MobileMessengerIOS;
				VALIDATE_PRODUCT = YES;
			};
			name = Release;
		};
/* End XCBuildConfiguration section */

/* Begin XCConfigurationList section */
		0B3E5F4B314906828E655440 /* Build configuration list for PBXNativeTarget "MobileMessengerIOSTests" */ = {
			isa = XCConfigurationList;
			buildConfigurations = (
				8E4D33A0F252614409D41CB5 /* Release */,
				3C9C6B592BD93D1927CFCC1F /* Debug */,
			);
			defaultConfigurationIsVisible = 0;
			defaultConfigurationName = Release;
		};
		1C1C5E832B0B598A00A6A7E5 /* Build configuration list for PBXProject "MobileMessengerIOS" */ = {
			isa = XCConfigurationList;
			buildConfigurations = (
				1C1C5E992B0B598A00A6A7E5 /* Debug */,
				1C1C5E9A2B0B598A00A6A7E5 /* Release */,
			);
			defaultConfigurationIsVisible = 0;
			defaultConfigurationName = Release;
		};
		1C1C5E972B0B598A00A6A7E5 /* Build configuration list for PBXNativeTarget "MobileMessengerIOS" */ = {
			isa = XCConfigurationList;
			buildConfigurations = (
				1C1C5E952B0B598A00A6A7E5 /* Debug */,
				1C1C5E962B0B598A00A6A7E5 /* Release */,
			);
			defaultConfigurationIsVisible = 0;
			defaultConfigurationName = Release;
		};
/* End XCConfigurationList section */
	};
	rootObject = 1C1C5E802B0B598A00A6A7E5 /* Project object */;
}
